// !$*UTF8*$!
{
	archiveVersion = 1;
	classes = {
	};
	objectVersion = 51;
	objects = {

/* Begin PBXBuildFile section */
		0E2D66C3C2E1E5B3B839052B /* Pods_Nutritious.framework in Frameworks */ = {isa = PBXBuildFile; fileRef = AB7664063AE413E8B1649233 /* Pods_Nutritious.framework */; };
		4C4F9DF72397B41C000C9E0D /* OrderGateway.swift in Sources */ = {isa = PBXBuildFile; fileRef = 4C4F9DF62397B41C000C9E0D /* OrderGateway.swift */; };
		4C4F9DF92397B494000C9E0D /* ApiOrderGateway.swift in Sources */ = {isa = PBXBuildFile; fileRef = 4C4F9DF82397B494000C9E0D /* ApiOrderGateway.swift */; };
		4C509FDC2394C1E50008BD6B /* SetDetailPresenter.swift in Sources */ = {isa = PBXBuildFile; fileRef = 4C509FD82394C1E50008BD6B /* SetDetailPresenter.swift */; };
		4C509FDD2394C1E50008BD6B /* SetDetailRouter.swift in Sources */ = {isa = PBXBuildFile; fileRef = 4C509FD92394C1E50008BD6B /* SetDetailRouter.swift */; };
		4C509FDE2394C1E50008BD6B /* SetDetailViewController.swift in Sources */ = {isa = PBXBuildFile; fileRef = 4C509FDA2394C1E50008BD6B /* SetDetailViewController.swift */; };
		4C509FDF2394C1E50008BD6B /* SetDetailConfigurator.swift in Sources */ = {isa = PBXBuildFile; fileRef = 4C509FDB2394C1E50008BD6B /* SetDetailConfigurator.swift */; };
		4C57A03A2397597A0033DCF2 /* GoogleService-Info.plist in Resources */ = {isa = PBXBuildFile; fileRef = 4C57A0392397597A0033DCF2 /* GoogleService-Info.plist */; };
		4C57A03D23976CEF0033DCF2 /* DiscoveryEntity.swift in Sources */ = {isa = PBXBuildFile; fileRef = 4C57A03C23976CEF0033DCF2 /* DiscoveryEntity.swift */; };
		4C7A21882398EA84007BC471 /* AddressEntity.swift in Sources */ = {isa = PBXBuildFile; fileRef = 4C7A21872398EA84007BC471 /* AddressEntity.swift */; };
		4C7A218A2398EAB4007BC471 /* AddressDetailEntity.swift in Sources */ = {isa = PBXBuildFile; fileRef = 4C7A21892398EAB4007BC471 /* AddressDetailEntity.swift */; };
		4C7A218E2398FEA1007BC471 /* success.json in Resources */ = {isa = PBXBuildFile; fileRef = 4C7A218D2398FEA1007BC471 /* success.json */; };
		4C7A219623991388007BC471 /* ComplatePresenter.swift in Sources */ = {isa = PBXBuildFile; fileRef = 4C7A219223991387007BC471 /* ComplatePresenter.swift */; };
		4C7A219723991388007BC471 /* ComplateConfigurator.swift in Sources */ = {isa = PBXBuildFile; fileRef = 4C7A219323991387007BC471 /* ComplateConfigurator.swift */; };
		4C7A219823991388007BC471 /* ComplateRouter.swift in Sources */ = {isa = PBXBuildFile; fileRef = 4C7A219423991387007BC471 /* ComplateRouter.swift */; };
		4C7A219923991388007BC471 /* ComplateViewController.swift in Sources */ = {isa = PBXBuildFile; fileRef = 4C7A219523991387007BC471 /* ComplateViewController.swift */; };
		4C7A219D2399139F007BC471 /* AddressTableViewCell.swift in Sources */ = {isa = PBXBuildFile; fileRef = 4C7A219B2399139F007BC471 /* AddressTableViewCell.swift */; };
		4C7A219E2399139F007BC471 /* AddressTableViewCell.xib in Resources */ = {isa = PBXBuildFile; fileRef = 4C7A219C2399139F007BC471 /* AddressTableViewCell.xib */; };
		4CB83CCA238E283F000EB2E7 /* CategoryGateway.swift in Sources */ = {isa = PBXBuildFile; fileRef = 4CB83C7B238E283F000EB2E7 /* CategoryGateway.swift */; };
		4CB83CCB238E283F000EB2E7 /* LoginGateway.swift in Sources */ = {isa = PBXBuildFile; fileRef = 4CB83C7C238E283F000EB2E7 /* LoginGateway.swift */; };
		4CB83CCC238E283F000EB2E7 /* ApiLoginGateway.swift in Sources */ = {isa = PBXBuildFile; fileRef = 4CB83C7E238E283F000EB2E7 /* ApiLoginGateway.swift */; };
		4CB83CCD238E283F000EB2E7 /* ApiCategoryGateway.swift in Sources */ = {isa = PBXBuildFile; fileRef = 4CB83C7F238E283F000EB2E7 /* ApiCategoryGateway.swift */; };
		4CB83CCE238E283F000EB2E7 /* FoodEntity.swift in Sources */ = {isa = PBXBuildFile; fileRef = 4CB83C82238E283F000EB2E7 /* FoodEntity.swift */; };
		4CB83CCF238E283F000EB2E7 /* FoodDetailEntity.swift in Sources */ = {isa = PBXBuildFile; fileRef = 4CB83C83238E283F000EB2E7 /* FoodDetailEntity.swift */; };
		4CB83CD0238E283F000EB2E7 /* SetEntity.swift in Sources */ = {isa = PBXBuildFile; fileRef = 4CB83C85238E283F000EB2E7 /* SetEntity.swift */; };
		4CB83CD1238E283F000EB2E7 /* SetDetailEntity.swift in Sources */ = {isa = PBXBuildFile; fileRef = 4CB83C86238E283F000EB2E7 /* SetDetailEntity.swift */; };
		4CB83CD2238E283F000EB2E7 /* LoginEntity.swift in Sources */ = {isa = PBXBuildFile; fileRef = 4CB83C88238E283F000EB2E7 /* LoginEntity.swift */; };
		4CB83CD3238E283F000EB2E7 /* CategoryEntity.swift in Sources */ = {isa = PBXBuildFile; fileRef = 4CB83C8A238E283F000EB2E7 /* CategoryEntity.swift */; };
		4CB83CD4238E283F000EB2E7 /* CategoryDetailEntity.swift in Sources */ = {isa = PBXBuildFile; fileRef = 4CB83C8B238E283F000EB2E7 /* CategoryDetailEntity.swift */; };
		4CB83CD5238E283F000EB2E7 /* Response+ObjectMapper.swift in Sources */ = {isa = PBXBuildFile; fileRef = 4CB83C91238E283F000EB2E7 /* Response+ObjectMapper.swift */; };
		4CB83CD6238E283F000EB2E7 /* Observable+ObjectMapper.swift.swift in Sources */ = {isa = PBXBuildFile; fileRef = 4CB83C92238E283F000EB2E7 /* Observable+ObjectMapper.swift.swift */; };
		4CB83CD7238E283F000EB2E7 /* UIDevice+Extension.swift in Sources */ = {isa = PBXBuildFile; fileRef = 4CB83C96238E283F000EB2E7 /* UIDevice+Extension.swift */; };
		4CB83CD8238E283F000EB2E7 /* Date+Extension.swift in Sources */ = {isa = PBXBuildFile; fileRef = 4CB83C97238E283F000EB2E7 /* Date+Extension.swift */; };
		4CB83CD9238E283F000EB2E7 /* UIView+Extension.swift in Sources */ = {isa = PBXBuildFile; fileRef = 4CB83C98238E283F000EB2E7 /* UIView+Extension.swift */; };
		4CB83CDA238E283F000EB2E7 /* UIImage+Extension.swift in Sources */ = {isa = PBXBuildFile; fileRef = 4CB83C99238E283F000EB2E7 /* UIImage+Extension.swift */; };
		4CB83CDB238E283F000EB2E7 /* TextField+Extension.swift in Sources */ = {isa = PBXBuildFile; fileRef = 4CB83C9A238E283F000EB2E7 /* TextField+Extension.swift */; };
		4CB83CDC238E283F000EB2E7 /* NumberFormatter+Extension.swift in Sources */ = {isa = PBXBuildFile; fileRef = 4CB83C9B238E283F000EB2E7 /* NumberFormatter+Extension.swift */; };
		4CB83CDD238E283F000EB2E7 /* String+Extension.swift in Sources */ = {isa = PBXBuildFile; fileRef = 4CB83C9C238E283F000EB2E7 /* String+Extension.swift */; };
		4CB83CDE238E283F000EB2E7 /* Label+Extension.swift in Sources */ = {isa = PBXBuildFile; fileRef = 4CB83C9D238E283F000EB2E7 /* Label+Extension.swift */; };
		4CB83CDF238E283F000EB2E7 /* UITableView+Extension.swift in Sources */ = {isa = PBXBuildFile; fileRef = 4CB83C9E238E283F000EB2E7 /* UITableView+Extension.swift */; };
		4CB83CE0238E283F000EB2E7 /* Array+Extension.swift in Sources */ = {isa = PBXBuildFile; fileRef = 4CB83C9F238E283F000EB2E7 /* Array+Extension.swift */; };
		4CB83CE1238E283F000EB2E7 /* Downloader.swift in Sources */ = {isa = PBXBuildFile; fileRef = 4CB83CA0238E283F000EB2E7 /* Downloader.swift */; };
		4CB83CE2238E283F000EB2E7 /* Demo.json in Resources */ = {isa = PBXBuildFile; fileRef = 4CB83CA1238E283F000EB2E7 /* Demo.json */; };
		4CB83CE3238E283F000EB2E7 /* Result.swift in Sources */ = {isa = PBXBuildFile; fileRef = 4CB83CA2238E283F000EB2E7 /* Result.swift */; };
		4CB83CE4238E283F000EB2E7 /* Config.swift in Sources */ = {isa = PBXBuildFile; fileRef = 4CB83CA3238E283F000EB2E7 /* Config.swift */; };
		4CB83CE5238E283F000EB2E7 /* Log.swift in Sources */ = {isa = PBXBuildFile; fileRef = 4CB83CA5238E283F000EB2E7 /* Log.swift */; };
		4CB83CE6238E283F000EB2E7 /* ConstantDefine.swift in Sources */ = {isa = PBXBuildFile; fileRef = 4CB83CA6238E283F000EB2E7 /* ConstantDefine.swift */; };
		4CB83CE7238E283F000EB2E7 /* Define.swift in Sources */ = {isa = PBXBuildFile; fileRef = 4CB83CA7238E283F000EB2E7 /* Define.swift */; };
		4CB83CE8238E283F000EB2E7 /* LoadingHUDControl.swift in Sources */ = {isa = PBXBuildFile; fileRef = 4CB83CA8238E283F000EB2E7 /* LoadingHUDControl.swift */; };
		4CB83CE9238E283F000EB2E7 /* ViewRouter.swift in Sources */ = {isa = PBXBuildFile; fileRef = 4CB83CA9238E283F000EB2E7 /* ViewRouter.swift */; };
		4CB83CEA238E283F000EB2E7 /* TSDateTranform.swift in Sources */ = {isa = PBXBuildFile; fileRef = 4CB83CAA238E283F000EB2E7 /* TSDateTranform.swift */; };
		4CB83CEB238E283F000EB2E7 /* BaseViewController.swift in Sources */ = {isa = PBXBuildFile; fileRef = 4CB83CAC238E283F000EB2E7 /* BaseViewController.swift */; };
		4CB83CEC238E283F000EB2E7 /* EmptySegue.swift in Sources */ = {isa = PBXBuildFile; fileRef = 4CB83CAD238E283F000EB2E7 /* EmptySegue.swift */; };
		4CB83CED238E283F000EB2E7 /* MainTapSegmentController.swift in Sources */ = {isa = PBXBuildFile; fileRef = 4CB83CAE238E283F000EB2E7 /* MainTapSegmentController.swift */; };
		4CB83CEE238E283F000EB2E7 /* RealmConnectorManager.swift in Sources */ = {isa = PBXBuildFile; fileRef = 4CB83CB2238E283F000EB2E7 /* RealmConnectorManager.swift */; };
		4CB83CEF238E283F000EB2E7 /* ApiProvider.swift in Sources */ = {isa = PBXBuildFile; fileRef = 4CB83CB5238E283F000EB2E7 /* ApiProvider.swift */; };
		4CB83CF0238E283F000EB2E7 /* TSAPITargetType.swift in Sources */ = {isa = PBXBuildFile; fileRef = 4CB83CB7238E283F000EB2E7 /* TSAPITargetType.swift */; };
		4CB83CF1238E283F000EB2E7 /* TSAPI.swift in Sources */ = {isa = PBXBuildFile; fileRef = 4CB83CB8238E283F000EB2E7 /* TSAPI.swift */; };
		4CED04B3238B890800E140DF /* AppDelegate.swift in Sources */ = {isa = PBXBuildFile; fileRef = 4CED04B2238B890800E140DF /* AppDelegate.swift */; };
		4CED0568238B891000E140DF /* Main.storyboard in Resources */ = {isa = PBXBuildFile; fileRef = 4CED0566238B891000E140DF /* Main.storyboard */; };
		4CED056A238B891500E140DF /* Assets.xcassets in Resources */ = {isa = PBXBuildFile; fileRef = 4CED0569238B891500E140DF /* Assets.xcassets */; };
		4CED056D238B891500E140DF /* LaunchScreen.storyboard in Resources */ = {isa = PBXBuildFile; fileRef = 4CED056B238B891500E140DF /* LaunchScreen.storyboard */; };
		4CEEFF782390BE830015A0DD /* MainTapRouter.swift in Sources */ = {isa = PBXBuildFile; fileRef = 4CEEFF4C2390BE7D0015A0DD /* MainTapRouter.swift */; };
		4CEEFF792390BE830015A0DD /* MainTapConfigurator.swift in Sources */ = {isa = PBXBuildFile; fileRef = 4CEEFF4D2390BE7D0015A0DD /* MainTapConfigurator.swift */; };
		4CEEFF7A2390BE830015A0DD /* MainTapPresenter.swift in Sources */ = {isa = PBXBuildFile; fileRef = 4CEEFF4E2390BE7D0015A0DD /* MainTapPresenter.swift */; };
		4CEEFF7B2390BE830015A0DD /* MainTapViewController.swift in Sources */ = {isa = PBXBuildFile; fileRef = 4CEEFF4F2390BE7D0015A0DD /* MainTapViewController.swift */; };
		4CEEFF7C2390BE830015A0DD /* HistoryRouter.swift in Sources */ = {isa = PBXBuildFile; fileRef = 4CEEFF512390BE7E0015A0DD /* HistoryRouter.swift */; };
		4CEEFF7D2390BE830015A0DD /* HistoryConfigurator.swift in Sources */ = {isa = PBXBuildFile; fileRef = 4CEEFF522390BE7E0015A0DD /* HistoryConfigurator.swift */; };
		4CEEFF7E2390BE830015A0DD /* HistoryPresenter.swift in Sources */ = {isa = PBXBuildFile; fileRef = 4CEEFF532390BE7E0015A0DD /* HistoryPresenter.swift */; };
		4CEEFF7F2390BE830015A0DD /* HistoryViewController.swift in Sources */ = {isa = PBXBuildFile; fileRef = 4CEEFF542390BE7E0015A0DD /* HistoryViewController.swift */; };
		4CEEFF802390BE830015A0DD /* HomeConfigurator.swift in Sources */ = {isa = PBXBuildFile; fileRef = 4CEEFF562390BE7E0015A0DD /* HomeConfigurator.swift */; };
		4CEEFF812390BE830015A0DD /* HomeViewController.swift in Sources */ = {isa = PBXBuildFile; fileRef = 4CEEFF572390BE7E0015A0DD /* HomeViewController.swift */; };
		4CEEFF822390BE830015A0DD /* HomeRouter.swift in Sources */ = {isa = PBXBuildFile; fileRef = 4CEEFF582390BE7E0015A0DD /* HomeRouter.swift */; };
		4CEEFF832390BE830015A0DD /* SetCollectionViewCell.swift in Sources */ = {isa = PBXBuildFile; fileRef = 4CEEFF5A2390BE7E0015A0DD /* SetCollectionViewCell.swift */; };
		4CEEFF842390BE830015A0DD /* SetCollectionViewCell.xib in Resources */ = {isa = PBXBuildFile; fileRef = 4CEEFF5B2390BE7E0015A0DD /* SetCollectionViewCell.xib */; };
		4CEEFF852390BE830015A0DD /* FoodTableViewCell.xib in Resources */ = {isa = PBXBuildFile; fileRef = 4CEEFF5C2390BE7E0015A0DD /* FoodTableViewCell.xib */; };
		4CEEFF862390BE830015A0DD /* FoodTableViewCell.swift in Sources */ = {isa = PBXBuildFile; fileRef = 4CEEFF5D2390BE7E0015A0DD /* FoodTableViewCell.swift */; };
		4CEEFF872390BE830015A0DD /* HomePresenter.swift in Sources */ = {isa = PBXBuildFile; fileRef = 4CEEFF5E2390BE7E0015A0DD /* HomePresenter.swift */; };
		4CEEFF882390BE830015A0DD /* FoodDetailConfigurator.swift in Sources */ = {isa = PBXBuildFile; fileRef = 4CEEFF602390BE7E0015A0DD /* FoodDetailConfigurator.swift */; };
		4CEEFF892390BE830015A0DD /* FoodDetailPresenter.swift in Sources */ = {isa = PBXBuildFile; fileRef = 4CEEFF612390BE7E0015A0DD /* FoodDetailPresenter.swift */; };
		4CEEFF8A2390BE830015A0DD /* FoodDetailRouter.swift in Sources */ = {isa = PBXBuildFile; fileRef = 4CEEFF622390BE7E0015A0DD /* FoodDetailRouter.swift */; };
		4CEEFF8B2390BE830015A0DD /* FoodDetailViewController.swift in Sources */ = {isa = PBXBuildFile; fileRef = 4CEEFF632390BE7E0015A0DD /* FoodDetailViewController.swift */; };
		4CEEFF8C2390BE830015A0DD /* MicronutrientsCollectionViewCell.swift in Sources */ = {isa = PBXBuildFile; fileRef = 4CEEFF652390BE7E0015A0DD /* MicronutrientsCollectionViewCell.swift */; };
		4CEEFF8D2390BE830015A0DD /* MicronutrientsCollectionViewCell.xib in Resources */ = {isa = PBXBuildFile; fileRef = 4CEEFF662390BE7E0015A0DD /* MicronutrientsCollectionViewCell.xib */; };
		4CEEFF8E2390BE830015A0DD /* LoginConfigurator.swift in Sources */ = {isa = PBXBuildFile; fileRef = 4CEEFF682390BE7E0015A0DD /* LoginConfigurator.swift */; };
		4CEEFF8F2390BE830015A0DD /* LoginViewController.swift in Sources */ = {isa = PBXBuildFile; fileRef = 4CEEFF692390BE7E0015A0DD /* LoginViewController.swift */; };
		4CEEFF902390BE830015A0DD /* LoginPresenter.swift in Sources */ = {isa = PBXBuildFile; fileRef = 4CEEFF6A2390BE7E0015A0DD /* LoginPresenter.swift */; };
		4CEEFF912390BE830015A0DD /* LoginRouter.swift in Sources */ = {isa = PBXBuildFile; fileRef = 4CEEFF6B2390BE7E0015A0DD /* LoginRouter.swift */; };
		4CEEFF922390BE830015A0DD /* CategoryCollectionViewCell.swift in Sources */ = {isa = PBXBuildFile; fileRef = 4CEEFF6D2390BE800015A0DD /* CategoryCollectionViewCell.swift */; };
		4CEEFF932390BE830015A0DD /* CategoryPresenter.swift in Sources */ = {isa = PBXBuildFile; fileRef = 4CEEFF6E2390BE800015A0DD /* CategoryPresenter.swift */; };
		4CEEFF942390BE830015A0DD /* CategoryCollectionViewCell.xib in Resources */ = {isa = PBXBuildFile; fileRef = 4CEEFF6F2390BE800015A0DD /* CategoryCollectionViewCell.xib */; };
		4CEEFF952390BE830015A0DD /* CategoryViewController.swift in Sources */ = {isa = PBXBuildFile; fileRef = 4CEEFF702390BE800015A0DD /* CategoryViewController.swift */; };
		4CEEFF962390BE830015A0DD /* CategoryConfigurator.swift in Sources */ = {isa = PBXBuildFile; fileRef = 4CEEFF712390BE800015A0DD /* CategoryConfigurator.swift */; };
		4CEEFF972390BE830015A0DD /* CategoryRouter.swift in Sources */ = {isa = PBXBuildFile; fileRef = 4CEEFF722390BE800015A0DD /* CategoryRouter.swift */; };
		4CEEFF982390BE830015A0DD /* ProfilePresenter.swift in Sources */ = {isa = PBXBuildFile; fileRef = 4CEEFF742390BE830015A0DD /* ProfilePresenter.swift */; };
		4CEEFF992390BE830015A0DD /* ProfileRouter.swift in Sources */ = {isa = PBXBuildFile; fileRef = 4CEEFF752390BE830015A0DD /* ProfileRouter.swift */; };
		4CEEFF9A2390BE830015A0DD /* ProfileConfigurator.swift in Sources */ = {isa = PBXBuildFile; fileRef = 4CEEFF762390BE830015A0DD /* ProfileConfigurator.swift */; };
		4CEEFF9B2390BE830015A0DD /* ProfileViewController.swift in Sources */ = {isa = PBXBuildFile; fileRef = 4CEEFF772390BE830015A0DD /* ProfileViewController.swift */; };
		4CEEFF9F2390BF0C0015A0DD /* HistoryTableViewCell.swift in Sources */ = {isa = PBXBuildFile; fileRef = 4CEEFF9D2390BF0C0015A0DD /* HistoryTableViewCell.swift */; };
		4CEEFFA02390BF0C0015A0DD /* HistoryTableViewCell.xib in Resources */ = {isa = PBXBuildFile; fileRef = 4CEEFF9E2390BF0C0015A0DD /* HistoryTableViewCell.xib */; };
		4CEEFFA72390CAF80015A0DD /* CartFoodTableViewCell.swift in Sources */ = {isa = PBXBuildFile; fileRef = 4CEEFFA52390CAF80015A0DD /* CartFoodTableViewCell.swift */; };
		4CEEFFA82390CAF80015A0DD /* CartFoodTableViewCell.xib in Resources */ = {isa = PBXBuildFile; fileRef = 4CEEFFA62390CAF80015A0DD /* CartFoodTableViewCell.xib */; };
		4CEEFFAD2390D6170015A0DD /* CartPresenter.swift in Sources */ = {isa = PBXBuildFile; fileRef = 4CEEFFA92390D6170015A0DD /* CartPresenter.swift */; };
		4CEEFFAE2390D6170015A0DD /* CartRouter.swift in Sources */ = {isa = PBXBuildFile; fileRef = 4CEEFFAA2390D6170015A0DD /* CartRouter.swift */; };
		4CEEFFAF2390D6170015A0DD /* CartViewController.swift in Sources */ = {isa = PBXBuildFile; fileRef = 4CEEFFAB2390D6170015A0DD /* CartViewController.swift */; };
		4CEEFFB02390D6170015A0DD /* CartConfigurator.swift in Sources */ = {isa = PBXBuildFile; fileRef = 4CEEFFAC2390D6170015A0DD /* CartConfigurator.swift */; };
		AB8E57E72392CE0B00FB85E5 /* ListCategoryPresenter.swift in Sources */ = {isa = PBXBuildFile; fileRef = AB8E57E22392CE0B00FB85E5 /* ListCategoryPresenter.swift */; };
		AB8E57E82392CE0B00FB85E5 /* ListCategoryRouter.swift in Sources */ = {isa = PBXBuildFile; fileRef = AB8E57E32392CE0B00FB85E5 /* ListCategoryRouter.swift */; };
		AB8E57E92392CE0B00FB85E5 /* ListCategoryViewController.swift in Sources */ = {isa = PBXBuildFile; fileRef = AB8E57E42392CE0B00FB85E5 /* ListCategoryViewController.swift */; };
		AB8E57EA2392CE0B00FB85E5 /* ListCategoryConfigurator.swift in Sources */ = {isa = PBXBuildFile; fileRef = AB8E57E52392CE0B00FB85E5 /* ListCategoryConfigurator.swift */; };
		AB8E57EC2392DBD900FB85E5 /* SetGateway.swift in Sources */ = {isa = PBXBuildFile; fileRef = AB8E57EB2392DBD900FB85E5 /* SetGateway.swift */; };
		AB8E57EE2392DC8A00FB85E5 /* ApiSetGateway.swift in Sources */ = {isa = PBXBuildFile; fileRef = AB8E57ED2392DC8A00FB85E5 /* ApiSetGateway.swift */; };
		AB8E57F12392E07700FB85E5 /* FcmTokenEntity.swift in Sources */ = {isa = PBXBuildFile; fileRef = AB8E57F02392E07700FB85E5 /* FcmTokenEntity.swift */; };
/* End PBXBuildFile section */

/* Begin PBXFileReference section */
		4C4F9DF62397B41C000C9E0D /* OrderGateway.swift */ = {isa = PBXFileReference; lastKnownFileType = sourcecode.swift; path = OrderGateway.swift; sourceTree = "<group>"; };
		4C4F9DF82397B494000C9E0D /* ApiOrderGateway.swift */ = {isa = PBXFileReference; lastKnownFileType = sourcecode.swift; path = ApiOrderGateway.swift; sourceTree = "<group>"; };
		4C509FD82394C1E50008BD6B /* SetDetailPresenter.swift */ = {isa = PBXFileReference; lastKnownFileType = sourcecode.swift; path = SetDetailPresenter.swift; sourceTree = "<group>"; };
		4C509FD92394C1E50008BD6B /* SetDetailRouter.swift */ = {isa = PBXFileReference; lastKnownFileType = sourcecode.swift; path = SetDetailRouter.swift; sourceTree = "<group>"; };
		4C509FDA2394C1E50008BD6B /* SetDetailViewController.swift */ = {isa = PBXFileReference; lastKnownFileType = sourcecode.swift; path = SetDetailViewController.swift; sourceTree = "<group>"; };
		4C509FDB2394C1E50008BD6B /* SetDetailConfigurator.swift */ = {isa = PBXFileReference; lastKnownFileType = sourcecode.swift; path = SetDetailConfigurator.swift; sourceTree = "<group>"; };
		4C57A0392397597A0033DCF2 /* GoogleService-Info.plist */ = {isa = PBXFileReference; fileEncoding = 4; lastKnownFileType = text.plist.xml; path = "GoogleService-Info.plist"; sourceTree = "<group>"; };
		4C57A03C23976CEF0033DCF2 /* DiscoveryEntity.swift */ = {isa = PBXFileReference; lastKnownFileType = sourcecode.swift; path = DiscoveryEntity.swift; sourceTree = "<group>"; };
		4C7A21872398EA84007BC471 /* AddressEntity.swift */ = {isa = PBXFileReference; lastKnownFileType = sourcecode.swift; path = AddressEntity.swift; sourceTree = "<group>"; };
		4C7A21892398EAB4007BC471 /* AddressDetailEntity.swift */ = {isa = PBXFileReference; lastKnownFileType = sourcecode.swift; path = AddressDetailEntity.swift; sourceTree = "<group>"; };
		4C7A218D2398FEA1007BC471 /* success.json */ = {isa = PBXFileReference; fileEncoding = 4; lastKnownFileType = text.json; name = success.json; path = Nutritious/Helper/success.json; sourceTree = SOURCE_ROOT; };
		4C7A219223991387007BC471 /* ComplatePresenter.swift */ = {isa = PBXFileReference; fileEncoding = 4; lastKnownFileType = sourcecode.swift; path = ComplatePresenter.swift; sourceTree = "<group>"; };
		4C7A219323991387007BC471 /* ComplateConfigurator.swift */ = {isa = PBXFileReference; fileEncoding = 4; lastKnownFileType = sourcecode.swift; path = ComplateConfigurator.swift; sourceTree = "<group>"; };
		4C7A219423991387007BC471 /* ComplateRouter.swift */ = {isa = PBXFileReference; fileEncoding = 4; lastKnownFileType = sourcecode.swift; path = ComplateRouter.swift; sourceTree = "<group>"; };
		4C7A219523991387007BC471 /* ComplateViewController.swift */ = {isa = PBXFileReference; fileEncoding = 4; lastKnownFileType = sourcecode.swift; path = ComplateViewController.swift; sourceTree = "<group>"; };
		4C7A219B2399139F007BC471 /* AddressTableViewCell.swift */ = {isa = PBXFileReference; lastKnownFileType = sourcecode.swift; path = AddressTableViewCell.swift; sourceTree = "<group>"; };
		4C7A219C2399139F007BC471 /* AddressTableViewCell.xib */ = {isa = PBXFileReference; lastKnownFileType = file.xib; path = AddressTableViewCell.xib; sourceTree = "<group>"; };
		4CB83C7B238E283F000EB2E7 /* CategoryGateway.swift */ = {isa = PBXFileReference; fileEncoding = 4; lastKnownFileType = sourcecode.swift; path = CategoryGateway.swift; sourceTree = "<group>"; };
		4CB83C7C238E283F000EB2E7 /* LoginGateway.swift */ = {isa = PBXFileReference; fileEncoding = 4; lastKnownFileType = sourcecode.swift; path = LoginGateway.swift; sourceTree = "<group>"; };
		4CB83C7E238E283F000EB2E7 /* ApiLoginGateway.swift */ = {isa = PBXFileReference; fileEncoding = 4; lastKnownFileType = sourcecode.swift; path = ApiLoginGateway.swift; sourceTree = "<group>"; };
		4CB83C7F238E283F000EB2E7 /* ApiCategoryGateway.swift */ = {isa = PBXFileReference; fileEncoding = 4; lastKnownFileType = sourcecode.swift; path = ApiCategoryGateway.swift; sourceTree = "<group>"; };
		4CB83C82238E283F000EB2E7 /* FoodEntity.swift */ = {isa = PBXFileReference; fileEncoding = 4; lastKnownFileType = sourcecode.swift; path = FoodEntity.swift; sourceTree = "<group>"; };
		4CB83C83238E283F000EB2E7 /* FoodDetailEntity.swift */ = {isa = PBXFileReference; fileEncoding = 4; lastKnownFileType = sourcecode.swift; path = FoodDetailEntity.swift; sourceTree = "<group>"; };
		4CB83C85238E283F000EB2E7 /* SetEntity.swift */ = {isa = PBXFileReference; fileEncoding = 4; lastKnownFileType = sourcecode.swift; path = SetEntity.swift; sourceTree = "<group>"; };
		4CB83C86238E283F000EB2E7 /* SetDetailEntity.swift */ = {isa = PBXFileReference; fileEncoding = 4; lastKnownFileType = sourcecode.swift; path = SetDetailEntity.swift; sourceTree = "<group>"; };
		4CB83C88238E283F000EB2E7 /* LoginEntity.swift */ = {isa = PBXFileReference; fileEncoding = 4; lastKnownFileType = sourcecode.swift; path = LoginEntity.swift; sourceTree = "<group>"; };
		4CB83C8A238E283F000EB2E7 /* CategoryEntity.swift */ = {isa = PBXFileReference; fileEncoding = 4; lastKnownFileType = sourcecode.swift; path = CategoryEntity.swift; sourceTree = "<group>"; };
		4CB83C8B238E283F000EB2E7 /* CategoryDetailEntity.swift */ = {isa = PBXFileReference; fileEncoding = 4; lastKnownFileType = sourcecode.swift; path = CategoryDetailEntity.swift; sourceTree = "<group>"; };
		4CB83C91238E283F000EB2E7 /* Response+ObjectMapper.swift */ = {isa = PBXFileReference; fileEncoding = 4; lastKnownFileType = sourcecode.swift; path = "Response+ObjectMapper.swift"; sourceTree = "<group>"; };
		4CB83C92238E283F000EB2E7 /* Observable+ObjectMapper.swift.swift */ = {isa = PBXFileReference; fileEncoding = 4; lastKnownFileType = sourcecode.swift; path = "Observable+ObjectMapper.swift.swift"; sourceTree = "<group>"; };
		4CB83C96238E283F000EB2E7 /* UIDevice+Extension.swift */ = {isa = PBXFileReference; fileEncoding = 4; lastKnownFileType = sourcecode.swift; path = "UIDevice+Extension.swift"; sourceTree = "<group>"; };
		4CB83C97238E283F000EB2E7 /* Date+Extension.swift */ = {isa = PBXFileReference; fileEncoding = 4; lastKnownFileType = sourcecode.swift; path = "Date+Extension.swift"; sourceTree = "<group>"; };
		4CB83C98238E283F000EB2E7 /* UIView+Extension.swift */ = {isa = PBXFileReference; fileEncoding = 4; lastKnownFileType = sourcecode.swift; path = "UIView+Extension.swift"; sourceTree = "<group>"; };
		4CB83C99238E283F000EB2E7 /* UIImage+Extension.swift */ = {isa = PBXFileReference; fileEncoding = 4; lastKnownFileType = sourcecode.swift; path = "UIImage+Extension.swift"; sourceTree = "<group>"; };
		4CB83C9A238E283F000EB2E7 /* TextField+Extension.swift */ = {isa = PBXFileReference; fileEncoding = 4; lastKnownFileType = sourcecode.swift; path = "TextField+Extension.swift"; sourceTree = "<group>"; };
		4CB83C9B238E283F000EB2E7 /* NumberFormatter+Extension.swift */ = {isa = PBXFileReference; fileEncoding = 4; lastKnownFileType = sourcecode.swift; path = "NumberFormatter+Extension.swift"; sourceTree = "<group>"; };
		4CB83C9C238E283F000EB2E7 /* String+Extension.swift */ = {isa = PBXFileReference; fileEncoding = 4; lastKnownFileType = sourcecode.swift; path = "String+Extension.swift"; sourceTree = "<group>"; };
		4CB83C9D238E283F000EB2E7 /* Label+Extension.swift */ = {isa = PBXFileReference; fileEncoding = 4; lastKnownFileType = sourcecode.swift; path = "Label+Extension.swift"; sourceTree = "<group>"; };
		4CB83C9E238E283F000EB2E7 /* UITableView+Extension.swift */ = {isa = PBXFileReference; fileEncoding = 4; lastKnownFileType = sourcecode.swift; path = "UITableView+Extension.swift"; sourceTree = "<group>"; };
		4CB83C9F238E283F000EB2E7 /* Array+Extension.swift */ = {isa = PBXFileReference; fileEncoding = 4; lastKnownFileType = sourcecode.swift; path = "Array+Extension.swift"; sourceTree = "<group>"; };
		4CB83CA0238E283F000EB2E7 /* Downloader.swift */ = {isa = PBXFileReference; fileEncoding = 4; lastKnownFileType = sourcecode.swift; path = Downloader.swift; sourceTree = "<group>"; };
		4CB83CA1238E283F000EB2E7 /* Demo.json */ = {isa = PBXFileReference; fileEncoding = 4; lastKnownFileType = text.json; path = Demo.json; sourceTree = "<group>"; };
		4CB83CA2238E283F000EB2E7 /* Result.swift */ = {isa = PBXFileReference; fileEncoding = 4; lastKnownFileType = sourcecode.swift; path = Result.swift; sourceTree = "<group>"; };
		4CB83CA3238E283F000EB2E7 /* Config.swift */ = {isa = PBXFileReference; fileEncoding = 4; lastKnownFileType = sourcecode.swift; path = Config.swift; sourceTree = "<group>"; };
		4CB83CA5238E283F000EB2E7 /* Log.swift */ = {isa = PBXFileReference; fileEncoding = 4; lastKnownFileType = sourcecode.swift; path = Log.swift; sourceTree = "<group>"; };
		4CB83CA6238E283F000EB2E7 /* ConstantDefine.swift */ = {isa = PBXFileReference; fileEncoding = 4; lastKnownFileType = sourcecode.swift; path = ConstantDefine.swift; sourceTree = "<group>"; };
		4CB83CA7238E283F000EB2E7 /* Define.swift */ = {isa = PBXFileReference; fileEncoding = 4; lastKnownFileType = sourcecode.swift; path = Define.swift; sourceTree = "<group>"; };
		4CB83CA8238E283F000EB2E7 /* LoadingHUDControl.swift */ = {isa = PBXFileReference; fileEncoding = 4; lastKnownFileType = sourcecode.swift; path = LoadingHUDControl.swift; sourceTree = "<group>"; };
		4CB83CA9238E283F000EB2E7 /* ViewRouter.swift */ = {isa = PBXFileReference; fileEncoding = 4; lastKnownFileType = sourcecode.swift; path = ViewRouter.swift; sourceTree = "<group>"; };
		4CB83CAA238E283F000EB2E7 /* TSDateTranform.swift */ = {isa = PBXFileReference; fileEncoding = 4; lastKnownFileType = sourcecode.swift; path = TSDateTranform.swift; sourceTree = "<group>"; };
		4CB83CAC238E283F000EB2E7 /* BaseViewController.swift */ = {isa = PBXFileReference; fileEncoding = 4; lastKnownFileType = sourcecode.swift; path = BaseViewController.swift; sourceTree = "<group>"; };
		4CB83CAD238E283F000EB2E7 /* EmptySegue.swift */ = {isa = PBXFileReference; fileEncoding = 4; lastKnownFileType = sourcecode.swift; path = EmptySegue.swift; sourceTree = "<group>"; };
		4CB83CAE238E283F000EB2E7 /* MainTapSegmentController.swift */ = {isa = PBXFileReference; fileEncoding = 4; lastKnownFileType = sourcecode.swift; path = MainTapSegmentController.swift; sourceTree = "<group>"; };
		4CB83CB2238E283F000EB2E7 /* RealmConnectorManager.swift */ = {isa = PBXFileReference; fileEncoding = 4; lastKnownFileType = sourcecode.swift; path = RealmConnectorManager.swift; sourceTree = "<group>"; };
		4CB83CB5238E283F000EB2E7 /* ApiProvider.swift */ = {isa = PBXFileReference; fileEncoding = 4; lastKnownFileType = sourcecode.swift; path = ApiProvider.swift; sourceTree = "<group>"; };
		4CB83CB7238E283F000EB2E7 /* TSAPITargetType.swift */ = {isa = PBXFileReference; fileEncoding = 4; lastKnownFileType = sourcecode.swift; path = TSAPITargetType.swift; sourceTree = "<group>"; };
		4CB83CB8238E283F000EB2E7 /* TSAPI.swift */ = {isa = PBXFileReference; fileEncoding = 4; lastKnownFileType = sourcecode.swift; path = TSAPI.swift; sourceTree = "<group>"; };
		4CB83CB9238E283F000EB2E7 /* Nutritious.entitlements */ = {isa = PBXFileReference; fileEncoding = 4; lastKnownFileType = text.plist.entitlements; path = Nutritious.entitlements; sourceTree = "<group>"; };
		4CED04AF238B890800E140DF /* Nutritious.app */ = {isa = PBXFileReference; explicitFileType = wrapper.application; includeInIndex = 0; path = Nutritious.app; sourceTree = BUILT_PRODUCTS_DIR; };
		4CED04B2238B890800E140DF /* AppDelegate.swift */ = {isa = PBXFileReference; lastKnownFileType = sourcecode.swift; path = AppDelegate.swift; sourceTree = "<group>"; };
		4CED0563238B891000E140DF /* Podfile */ = {isa = PBXFileReference; lastKnownFileType = text; path = Podfile; sourceTree = "<group>"; xcLanguageSpecificationIdentifier = xcode.lang.ruby; };
		4CED0567238B891000E140DF /* Base */ = {isa = PBXFileReference; lastKnownFileType = file.storyboard; name = Base; path = Base.lproj/Main.storyboard; sourceTree = "<group>"; };
		4CED0569238B891500E140DF /* Assets.xcassets */ = {isa = PBXFileReference; lastKnownFileType = folder.assetcatalog; path = Assets.xcassets; sourceTree = "<group>"; };
		4CED056C238B891500E140DF /* Base */ = {isa = PBXFileReference; lastKnownFileType = file.storyboard; name = Base; path = Base.lproj/LaunchScreen.storyboard; sourceTree = "<group>"; };
		4CED056E238B891500E140DF /* Info.plist */ = {isa = PBXFileReference; lastKnownFileType = text.plist.xml; path = Info.plist; sourceTree = "<group>"; };
		4CEEFF4C2390BE7D0015A0DD /* MainTapRouter.swift */ = {isa = PBXFileReference; fileEncoding = 4; lastKnownFileType = sourcecode.swift; path = MainTapRouter.swift; sourceTree = "<group>"; };
		4CEEFF4D2390BE7D0015A0DD /* MainTapConfigurator.swift */ = {isa = PBXFileReference; fileEncoding = 4; lastKnownFileType = sourcecode.swift; path = MainTapConfigurator.swift; sourceTree = "<group>"; };
		4CEEFF4E2390BE7D0015A0DD /* MainTapPresenter.swift */ = {isa = PBXFileReference; fileEncoding = 4; lastKnownFileType = sourcecode.swift; path = MainTapPresenter.swift; sourceTree = "<group>"; };
		4CEEFF4F2390BE7D0015A0DD /* MainTapViewController.swift */ = {isa = PBXFileReference; fileEncoding = 4; lastKnownFileType = sourcecode.swift; path = MainTapViewController.swift; sourceTree = "<group>"; };
		4CEEFF512390BE7E0015A0DD /* HistoryRouter.swift */ = {isa = PBXFileReference; fileEncoding = 4; lastKnownFileType = sourcecode.swift; path = HistoryRouter.swift; sourceTree = "<group>"; };
		4CEEFF522390BE7E0015A0DD /* HistoryConfigurator.swift */ = {isa = PBXFileReference; fileEncoding = 4; lastKnownFileType = sourcecode.swift; path = HistoryConfigurator.swift; sourceTree = "<group>"; };
		4CEEFF532390BE7E0015A0DD /* HistoryPresenter.swift */ = {isa = PBXFileReference; fileEncoding = 4; lastKnownFileType = sourcecode.swift; path = HistoryPresenter.swift; sourceTree = "<group>"; };
		4CEEFF542390BE7E0015A0DD /* HistoryViewController.swift */ = {isa = PBXFileReference; fileEncoding = 4; lastKnownFileType = sourcecode.swift; path = HistoryViewController.swift; sourceTree = "<group>"; };
		4CEEFF562390BE7E0015A0DD /* HomeConfigurator.swift */ = {isa = PBXFileReference; fileEncoding = 4; lastKnownFileType = sourcecode.swift; path = HomeConfigurator.swift; sourceTree = "<group>"; };
		4CEEFF572390BE7E0015A0DD /* HomeViewController.swift */ = {isa = PBXFileReference; fileEncoding = 4; lastKnownFileType = sourcecode.swift; path = HomeViewController.swift; sourceTree = "<group>"; };
		4CEEFF582390BE7E0015A0DD /* HomeRouter.swift */ = {isa = PBXFileReference; fileEncoding = 4; lastKnownFileType = sourcecode.swift; path = HomeRouter.swift; sourceTree = "<group>"; };
		4CEEFF5A2390BE7E0015A0DD /* SetCollectionViewCell.swift */ = {isa = PBXFileReference; fileEncoding = 4; lastKnownFileType = sourcecode.swift; path = SetCollectionViewCell.swift; sourceTree = "<group>"; };
		4CEEFF5B2390BE7E0015A0DD /* SetCollectionViewCell.xib */ = {isa = PBXFileReference; fileEncoding = 4; lastKnownFileType = file.xib; path = SetCollectionViewCell.xib; sourceTree = "<group>"; };
		4CEEFF5C2390BE7E0015A0DD /* FoodTableViewCell.xib */ = {isa = PBXFileReference; fileEncoding = 4; lastKnownFileType = file.xib; path = FoodTableViewCell.xib; sourceTree = "<group>"; };
		4CEEFF5D2390BE7E0015A0DD /* FoodTableViewCell.swift */ = {isa = PBXFileReference; fileEncoding = 4; lastKnownFileType = sourcecode.swift; path = FoodTableViewCell.swift; sourceTree = "<group>"; };
		4CEEFF5E2390BE7E0015A0DD /* HomePresenter.swift */ = {isa = PBXFileReference; fileEncoding = 4; lastKnownFileType = sourcecode.swift; path = HomePresenter.swift; sourceTree = "<group>"; };
		4CEEFF602390BE7E0015A0DD /* FoodDetailConfigurator.swift */ = {isa = PBXFileReference; fileEncoding = 4; lastKnownFileType = sourcecode.swift; path = FoodDetailConfigurator.swift; sourceTree = "<group>"; };
		4CEEFF612390BE7E0015A0DD /* FoodDetailPresenter.swift */ = {isa = PBXFileReference; fileEncoding = 4; lastKnownFileType = sourcecode.swift; path = FoodDetailPresenter.swift; sourceTree = "<group>"; };
		4CEEFF622390BE7E0015A0DD /* FoodDetailRouter.swift */ = {isa = PBXFileReference; fileEncoding = 4; lastKnownFileType = sourcecode.swift; path = FoodDetailRouter.swift; sourceTree = "<group>"; };
		4CEEFF632390BE7E0015A0DD /* FoodDetailViewController.swift */ = {isa = PBXFileReference; fileEncoding = 4; lastKnownFileType = sourcecode.swift; path = FoodDetailViewController.swift; sourceTree = "<group>"; };
		4CEEFF652390BE7E0015A0DD /* MicronutrientsCollectionViewCell.swift */ = {isa = PBXFileReference; fileEncoding = 4; lastKnownFileType = sourcecode.swift; path = MicronutrientsCollectionViewCell.swift; sourceTree = "<group>"; };
		4CEEFF662390BE7E0015A0DD /* MicronutrientsCollectionViewCell.xib */ = {isa = PBXFileReference; fileEncoding = 4; lastKnownFileType = file.xib; path = MicronutrientsCollectionViewCell.xib; sourceTree = "<group>"; };
		4CEEFF682390BE7E0015A0DD /* LoginConfigurator.swift */ = {isa = PBXFileReference; fileEncoding = 4; lastKnownFileType = sourcecode.swift; path = LoginConfigurator.swift; sourceTree = "<group>"; };
		4CEEFF692390BE7E0015A0DD /* LoginViewController.swift */ = {isa = PBXFileReference; fileEncoding = 4; lastKnownFileType = sourcecode.swift; path = LoginViewController.swift; sourceTree = "<group>"; };
		4CEEFF6A2390BE7E0015A0DD /* LoginPresenter.swift */ = {isa = PBXFileReference; fileEncoding = 4; lastKnownFileType = sourcecode.swift; path = LoginPresenter.swift; sourceTree = "<group>"; };
		4CEEFF6B2390BE7E0015A0DD /* LoginRouter.swift */ = {isa = PBXFileReference; fileEncoding = 4; lastKnownFileType = sourcecode.swift; path = LoginRouter.swift; sourceTree = "<group>"; };
		4CEEFF6D2390BE800015A0DD /* CategoryCollectionViewCell.swift */ = {isa = PBXFileReference; fileEncoding = 4; lastKnownFileType = sourcecode.swift; path = CategoryCollectionViewCell.swift; sourceTree = "<group>"; };
		4CEEFF6E2390BE800015A0DD /* CategoryPresenter.swift */ = {isa = PBXFileReference; fileEncoding = 4; lastKnownFileType = sourcecode.swift; path = CategoryPresenter.swift; sourceTree = "<group>"; };
		4CEEFF6F2390BE800015A0DD /* CategoryCollectionViewCell.xib */ = {isa = PBXFileReference; fileEncoding = 4; lastKnownFileType = file.xib; path = CategoryCollectionViewCell.xib; sourceTree = "<group>"; };
		4CEEFF702390BE800015A0DD /* CategoryViewController.swift */ = {isa = PBXFileReference; fileEncoding = 4; lastKnownFileType = sourcecode.swift; path = CategoryViewController.swift; sourceTree = "<group>"; };
		4CEEFF712390BE800015A0DD /* CategoryConfigurator.swift */ = {isa = PBXFileReference; fileEncoding = 4; lastKnownFileType = sourcecode.swift; path = CategoryConfigurator.swift; sourceTree = "<group>"; };
		4CEEFF722390BE800015A0DD /* CategoryRouter.swift */ = {isa = PBXFileReference; fileEncoding = 4; lastKnownFileType = sourcecode.swift; path = CategoryRouter.swift; sourceTree = "<group>"; };
		4CEEFF742390BE830015A0DD /* ProfilePresenter.swift */ = {isa = PBXFileReference; fileEncoding = 4; lastKnownFileType = sourcecode.swift; path = ProfilePresenter.swift; sourceTree = "<group>"; };
		4CEEFF752390BE830015A0DD /* ProfileRouter.swift */ = {isa = PBXFileReference; fileEncoding = 4; lastKnownFileType = sourcecode.swift; path = ProfileRouter.swift; sourceTree = "<group>"; };
		4CEEFF762390BE830015A0DD /* ProfileConfigurator.swift */ = {isa = PBXFileReference; fileEncoding = 4; lastKnownFileType = sourcecode.swift; path = ProfileConfigurator.swift; sourceTree = "<group>"; };
		4CEEFF772390BE830015A0DD /* ProfileViewController.swift */ = {isa = PBXFileReference; fileEncoding = 4; lastKnownFileType = sourcecode.swift; path = ProfileViewController.swift; sourceTree = "<group>"; };
		4CEEFF9D2390BF0C0015A0DD /* HistoryTableViewCell.swift */ = {isa = PBXFileReference; lastKnownFileType = sourcecode.swift; path = HistoryTableViewCell.swift; sourceTree = "<group>"; };
		4CEEFF9E2390BF0C0015A0DD /* HistoryTableViewCell.xib */ = {isa = PBXFileReference; lastKnownFileType = file.xib; path = HistoryTableViewCell.xib; sourceTree = "<group>"; };
		4CEEFFA52390CAF80015A0DD /* CartFoodTableViewCell.swift */ = {isa = PBXFileReference; lastKnownFileType = sourcecode.swift; path = CartFoodTableViewCell.swift; sourceTree = "<group>"; };
		4CEEFFA62390CAF80015A0DD /* CartFoodTableViewCell.xib */ = {isa = PBXFileReference; lastKnownFileType = file.xib; path = CartFoodTableViewCell.xib; sourceTree = "<group>"; };
		4CEEFFA92390D6170015A0DD /* CartPresenter.swift */ = {isa = PBXFileReference; lastKnownFileType = sourcecode.swift; path = CartPresenter.swift; sourceTree = "<group>"; };
		4CEEFFAA2390D6170015A0DD /* CartRouter.swift */ = {isa = PBXFileReference; lastKnownFileType = sourcecode.swift; path = CartRouter.swift; sourceTree = "<group>"; };
		4CEEFFAB2390D6170015A0DD /* CartViewController.swift */ = {isa = PBXFileReference; lastKnownFileType = sourcecode.swift; path = CartViewController.swift; sourceTree = "<group>"; };
		4CEEFFAC2390D6170015A0DD /* CartConfigurator.swift */ = {isa = PBXFileReference; lastKnownFileType = sourcecode.swift; path = CartConfigurator.swift; sourceTree = "<group>"; };
		AB7664063AE413E8B1649233 /* Pods_Nutritious.framework */ = {isa = PBXFileReference; explicitFileType = wrapper.framework; includeInIndex = 0; path = Pods_Nutritious.framework; sourceTree = BUILT_PRODUCTS_DIR; };
		AB8E57E22392CE0B00FB85E5 /* ListCategoryPresenter.swift */ = {isa = PBXFileReference; lastKnownFileType = sourcecode.swift; path = ListCategoryPresenter.swift; sourceTree = "<group>"; };
		AB8E57E32392CE0B00FB85E5 /* ListCategoryRouter.swift */ = {isa = PBXFileReference; lastKnownFileType = sourcecode.swift; path = ListCategoryRouter.swift; sourceTree = "<group>"; };
		AB8E57E42392CE0B00FB85E5 /* ListCategoryViewController.swift */ = {isa = PBXFileReference; lastKnownFileType = sourcecode.swift; path = ListCategoryViewController.swift; sourceTree = "<group>"; };
		AB8E57E52392CE0B00FB85E5 /* ListCategoryConfigurator.swift */ = {isa = PBXFileReference; lastKnownFileType = sourcecode.swift; path = ListCategoryConfigurator.swift; sourceTree = "<group>"; };
		AB8E57EB2392DBD900FB85E5 /* SetGateway.swift */ = {isa = PBXFileReference; lastKnownFileType = sourcecode.swift; path = SetGateway.swift; sourceTree = "<group>"; };
		AB8E57ED2392DC8A00FB85E5 /* ApiSetGateway.swift */ = {isa = PBXFileReference; lastKnownFileType = sourcecode.swift; path = ApiSetGateway.swift; sourceTree = "<group>"; };
		AB8E57F02392E07700FB85E5 /* FcmTokenEntity.swift */ = {isa = PBXFileReference; lastKnownFileType = sourcecode.swift; path = FcmTokenEntity.swift; sourceTree = "<group>"; };
		B81D2939B99D9372AB9DC164 /* Pods-Nutritious.release.xcconfig */ = {isa = PBXFileReference; includeInIndex = 1; lastKnownFileType = text.xcconfig; name = "Pods-Nutritious.release.xcconfig"; path = "Target Support Files/Pods-Nutritious/Pods-Nutritious.release.xcconfig"; sourceTree = "<group>"; };
		E6EC6405B228640DBA7A5533 /* Pods-Nutritious.debug.xcconfig */ = {isa = PBXFileReference; includeInIndex = 1; lastKnownFileType = text.xcconfig; name = "Pods-Nutritious.debug.xcconfig"; path = "Target Support Files/Pods-Nutritious/Pods-Nutritious.debug.xcconfig"; sourceTree = "<group>"; };
/* End PBXFileReference section */

/* Begin PBXFrameworksBuildPhase section */
		4CED04AC238B890800E140DF /* Frameworks */ = {
			isa = PBXFrameworksBuildPhase;
			buildActionMask = 2147483647;
			files = (
				0E2D66C3C2E1E5B3B839052B /* Pods_Nutritious.framework in Frameworks */,
			);
			runOnlyForDeploymentPostprocessing = 0;
		};
/* End PBXFrameworksBuildPhase section */

/* Begin PBXGroup section */
		21EBC61F21B5001F613BF5B0 /* Frameworks */ = {
			isa = PBXGroup;
			children = (
				AB7664063AE413E8B1649233 /* Pods_Nutritious.framework */,
			);
			name = Frameworks;
			sourceTree = "<group>";
		};
		4C4F9DF52397B3FF000C9E0D /* Order */ = {
			isa = PBXGroup;
			children = (
			);
			name = Order;
			sourceTree = "<group>";
		};
		4C509FD72394C1D50008BD6B /* Set */ = {
			isa = PBXGroup;
			children = (
				4C509FD82394C1E50008BD6B /* SetDetailPresenter.swift */,
				4C509FD92394C1E50008BD6B /* SetDetailRouter.swift */,
				4C509FDA2394C1E50008BD6B /* SetDetailViewController.swift */,
				4C509FDB2394C1E50008BD6B /* SetDetailConfigurator.swift */,
			);
			name = Set;
			sourceTree = "<group>";
		};
		4C57A03B23976CDE0033DCF2 /* Discovery */ = {
			isa = PBXGroup;
			children = (
				4C57A03C23976CEF0033DCF2 /* DiscoveryEntity.swift */,
			);
			name = Discovery;
			sourceTree = "<group>";
		};
		4C7A21842398EA5E007BC471 /* Address */ = {
			isa = PBXGroup;
			children = (
				4C7A21872398EA84007BC471 /* AddressEntity.swift */,
				4C7A21892398EAB4007BC471 /* AddressDetailEntity.swift */,
			);
			path = Address;
			sourceTree = "<group>";
		};
		4C7A219123991387007BC471 /* Complate */ = {
			isa = PBXGroup;
			children = (
				4C7A219A2399138B007BC471 /* Cell */,
				4C7A219223991387007BC471 /* ComplatePresenter.swift */,
				4C7A219323991387007BC471 /* ComplateConfigurator.swift */,
				4C7A219423991387007BC471 /* ComplateRouter.swift */,
				4C7A219523991387007BC471 /* ComplateViewController.swift */,
			);
			path = Complate;
			sourceTree = "<group>";
		};
		4C7A219A2399138B007BC471 /* Cell */ = {
			isa = PBXGroup;
			children = (
				4C7A219B2399139F007BC471 /* AddressTableViewCell.swift */,
				4C7A219C2399139F007BC471 /* AddressTableViewCell.xib */,
			);
			name = Cell;
			sourceTree = "<group>";
		};
		4CB83C62238E283F000EB2E7 /* Nutritious */ = {
			isa = PBXGroup;
			children = (
				4CB83CAF238E283F000EB2E7 /* EntityGateway */,
				4CB83C79238E283F000EB2E7 /* Core */,
				4CB83C89238E283F000EB2E7 /* Category */,
				4CB83C8C238E283F000EB2E7 /* Libarary */,
				4CB83C93238E283F000EB2E7 /* CustomView */,
				4CB83C94238E283F000EB2E7 /* Helper */,
				4CB83CAB238E283F000EB2E7 /* Base */,
				4CB83C63238E283F000EB2E7 /* Scenes */,
				4CB83CB9238E283F000EB2E7 /* Nutritious.entitlements */,
			);
			path = Nutritious;
			sourceTree = "<group>";
		};
		4CB83C63238E283F000EB2E7 /* Scenes */ = {
			isa = PBXGroup;
			children = (
				4C7A219123991387007BC471 /* Complate */,
				4C509FD72394C1D50008BD6B /* Set */,
				AB8E57E02392CDFD00FB85E5 /* ListCategory */,
				4CEEFFA32390CA1A0015A0DD /* Cart */,
				4CEEFF6C2390BE800015A0DD /* Category */,
				4CEEFF5F2390BE7E0015A0DD /* Food */,
				4CEEFF502390BE7E0015A0DD /* History */,
				4CEEFF552390BE7E0015A0DD /* Home */,
				4CEEFF672390BE7E0015A0DD /* Login */,
				4CEEFF4B2390BE7D0015A0DD /* MainTap */,
				4CEEFF732390BE830015A0DD /* Profile */,
			);
			path = Scenes;
			sourceTree = "<group>";
		};
		4CB83C79238E283F000EB2E7 /* Core */ = {
			isa = PBXGroup;
			children = (
				4CB83C7A238E283F000EB2E7 /* Gateways */,
				4CB83C7D238E283F000EB2E7 /* ApiGateway */,
				4CB83C80238E283F000EB2E7 /* Entities */,
			);
			path = Core;
			sourceTree = "<group>";
		};
		4CB83C7A238E283F000EB2E7 /* Gateways */ = {
			isa = PBXGroup;
			children = (
				4CB83C7B238E283F000EB2E7 /* CategoryGateway.swift */,
				4CB83C7C238E283F000EB2E7 /* LoginGateway.swift */,
				AB8E57EB2392DBD900FB85E5 /* SetGateway.swift */,
				4C4F9DF62397B41C000C9E0D /* OrderGateway.swift */,
			);
			path = Gateways;
			sourceTree = "<group>";
		};
		4CB83C7D238E283F000EB2E7 /* ApiGateway */ = {
			isa = PBXGroup;
			children = (
				4CB83C7E238E283F000EB2E7 /* ApiLoginGateway.swift */,
				4CB83C7F238E283F000EB2E7 /* ApiCategoryGateway.swift */,
				AB8E57ED2392DC8A00FB85E5 /* ApiSetGateway.swift */,
				4C4F9DF82397B494000C9E0D /* ApiOrderGateway.swift */,
			);
			path = ApiGateway;
			sourceTree = "<group>";
		};
		4CB83C80238E283F000EB2E7 /* Entities */ = {
			isa = PBXGroup;
			children = (
				4C7A21842398EA5E007BC471 /* Address */,
				4C4F9DF52397B3FF000C9E0D /* Order */,
				4C57A03B23976CDE0033DCF2 /* Discovery */,
				4CB83C81238E283F000EB2E7 /* Food */,
				4CB83C84238E283F000EB2E7 /* Set */,
				4CB83C87238E283F000EB2E7 /* Login */,
			);
			path = Entities;
			sourceTree = "<group>";
		};
		4CB83C81238E283F000EB2E7 /* Food */ = {
			isa = PBXGroup;
			children = (
				4CB83C82238E283F000EB2E7 /* FoodEntity.swift */,
				4CB83C83238E283F000EB2E7 /* FoodDetailEntity.swift */,
			);
			path = Food;
			sourceTree = "<group>";
		};
		4CB83C84238E283F000EB2E7 /* Set */ = {
			isa = PBXGroup;
			children = (
				4CB83C85238E283F000EB2E7 /* SetEntity.swift */,
				4CB83C86238E283F000EB2E7 /* SetDetailEntity.swift */,
			);
			path = Set;
			sourceTree = "<group>";
		};
		4CB83C87238E283F000EB2E7 /* Login */ = {
			isa = PBXGroup;
			children = (
				4CB83C88238E283F000EB2E7 /* LoginEntity.swift */,
				AB8E57F02392E07700FB85E5 /* FcmTokenEntity.swift */,
			);
			path = Login;
			sourceTree = "<group>";
		};
		4CB83C89238E283F000EB2E7 /* Category */ = {
			isa = PBXGroup;
			children = (
				4CB83C8A238E283F000EB2E7 /* CategoryEntity.swift */,
				4CB83C8B238E283F000EB2E7 /* CategoryDetailEntity.swift */,
			);
			path = Category;
			sourceTree = "<group>";
		};
		4CB83C8C238E283F000EB2E7 /* Libarary */ = {
			isa = PBXGroup;
			children = (
				4CB83C8D238E283F000EB2E7 /* PageMenu */,
				4CB83C8F238E283F000EB2E7 /* DatePicker */,
				4CB83C90238E283F000EB2E7 /* Moya-ObjectMapper */,
			);
			path = Libarary;
			sourceTree = "<group>";
		};
		4CB83C8D238E283F000EB2E7 /* PageMenu */ = {
			isa = PBXGroup;
			children = (
				4CB83C8E238E283F000EB2E7 /* Classes */,
			);
			path = PageMenu;
			sourceTree = "<group>";
		};
		4CB83C8E238E283F000EB2E7 /* Classes */ = {
			isa = PBXGroup;
			children = (
			);
			path = Classes;
			sourceTree = "<group>";
		};
		4CB83C8F238E283F000EB2E7 /* DatePicker */ = {
			isa = PBXGroup;
			children = (
			);
			path = DatePicker;
			sourceTree = "<group>";
		};
		4CB83C90238E283F000EB2E7 /* Moya-ObjectMapper */ = {
			isa = PBXGroup;
			children = (
				4CB83C91238E283F000EB2E7 /* Response+ObjectMapper.swift */,
				4CB83C92238E283F000EB2E7 /* Observable+ObjectMapper.swift.swift */,
			);
			path = "Moya-ObjectMapper";
			sourceTree = "<group>";
		};
		4CB83C93238E283F000EB2E7 /* CustomView */ = {
			isa = PBXGroup;
			children = (
			);
			path = CustomView;
			sourceTree = "<group>";
		};
		4CB83C94238E283F000EB2E7 /* Helper */ = {
			isa = PBXGroup;
			children = (
				4C7A218D2398FEA1007BC471 /* success.json */,
				4CB83C95238E283F000EB2E7 /* Extension */,
				4CB83CA0238E283F000EB2E7 /* Downloader.swift */,
				4CB83CA1238E283F000EB2E7 /* Demo.json */,
				4CB83CA2238E283F000EB2E7 /* Result.swift */,
				4CB83CA3238E283F000EB2E7 /* Config.swift */,
				4CB83CA4238E283F000EB2E7 /* Utils */,
				4CB83CA8238E283F000EB2E7 /* LoadingHUDControl.swift */,
				4CB83CA9238E283F000EB2E7 /* ViewRouter.swift */,
				4CB83CAA238E283F000EB2E7 /* TSDateTranform.swift */,
			);
			path = Helper;
			sourceTree = "<group>";
		};
		4CB83C95238E283F000EB2E7 /* Extension */ = {
			isa = PBXGroup;
			children = (
				4CB83C96238E283F000EB2E7 /* UIDevice+Extension.swift */,
				4CB83C97238E283F000EB2E7 /* Date+Extension.swift */,
				4CB83C98238E283F000EB2E7 /* UIView+Extension.swift */,
				4CB83C99238E283F000EB2E7 /* UIImage+Extension.swift */,
				4CB83C9A238E283F000EB2E7 /* TextField+Extension.swift */,
				4CB83C9B238E283F000EB2E7 /* NumberFormatter+Extension.swift */,
				4CB83C9C238E283F000EB2E7 /* String+Extension.swift */,
				4CB83C9D238E283F000EB2E7 /* Label+Extension.swift */,
				4CB83C9E238E283F000EB2E7 /* UITableView+Extension.swift */,
				4CB83C9F238E283F000EB2E7 /* Array+Extension.swift */,
			);
			path = Extension;
			sourceTree = "<group>";
		};
		4CB83CA4238E283F000EB2E7 /* Utils */ = {
			isa = PBXGroup;
			children = (
				4CB83CA5238E283F000EB2E7 /* Log.swift */,
				4CB83CA6238E283F000EB2E7 /* ConstantDefine.swift */,
				4CB83CA7238E283F000EB2E7 /* Define.swift */,
			);
			path = Utils;
			sourceTree = "<group>";
		};
		4CB83CAB238E283F000EB2E7 /* Base */ = {
			isa = PBXGroup;
			children = (
				4CB83CAC238E283F000EB2E7 /* BaseViewController.swift */,
				4CB83CAD238E283F000EB2E7 /* EmptySegue.swift */,
				4CB83CAE238E283F000EB2E7 /* MainTapSegmentController.swift */,
			);
			path = Base;
			sourceTree = "<group>";
		};
		4CB83CAF238E283F000EB2E7 /* EntityGateway */ = {
			isa = PBXGroup;
			children = (
				4CB83CB0238E283F000EB2E7 /* Cache */,
				4CB83CB1238E283F000EB2E7 /* LocalPersistence */,
				4CB83CB4238E283F000EB2E7 /* API */,
			);
			path = EntityGateway;
			sourceTree = "<group>";
		};
		4CB83CB0238E283F000EB2E7 /* Cache */ = {
			isa = PBXGroup;
			children = (
			);
			path = Cache;
			sourceTree = "<group>";
		};
		4CB83CB1238E283F000EB2E7 /* LocalPersistence */ = {
			isa = PBXGroup;
			children = (
				4CB83CB2238E283F000EB2E7 /* RealmConnectorManager.swift */,
				4CB83CB3238E283F000EB2E7 /* Gateways */,
			);
			path = LocalPersistence;
			sourceTree = "<group>";
		};
		4CB83CB3238E283F000EB2E7 /* Gateways */ = {
			isa = PBXGroup;
			children = (
			);
			path = Gateways;
			sourceTree = "<group>";
		};
		4CB83CB4238E283F000EB2E7 /* API */ = {
			isa = PBXGroup;
			children = (
				4CB83CB6238E283F000EB2E7 /* Gateways */,
				4CB83CB5238E283F000EB2E7 /* ApiProvider.swift */,
				4CB83CB7238E283F000EB2E7 /* TSAPITargetType.swift */,
				4CB83CB8238E283F000EB2E7 /* TSAPI.swift */,
			);
			path = API;
			sourceTree = "<group>";
		};
		4CB83CB6238E283F000EB2E7 /* Gateways */ = {
			isa = PBXGroup;
			children = (
			);
			path = Gateways;
			sourceTree = "<group>";
		};
		4CED04A6238B890800E140DF = {
			isa = PBXGroup;
			children = (
				4CB83C62238E283F000EB2E7 /* Nutritious */,
				4CED04B2238B890800E140DF /* AppDelegate.swift */,
				4CED0563238B891000E140DF /* Podfile */,
				4CED0566238B891000E140DF /* Main.storyboard */,
				4CED0569238B891500E140DF /* Assets.xcassets */,
				4CED056B238B891500E140DF /* LaunchScreen.storyboard */,
				4CED056E238B891500E140DF /* Info.plist */,
				4C57A0392397597A0033DCF2 /* GoogleService-Info.plist */,
				4CED04B0238B890800E140DF /* Products */,
				E5AA6F641B64E5E8EA9A3BF0 /* Pods */,
				21EBC61F21B5001F613BF5B0 /* Frameworks */,
			);
			sourceTree = "<group>";
		};
		4CED04B0238B890800E140DF /* Products */ = {
			isa = PBXGroup;
			children = (
				4CED04AF238B890800E140DF /* Nutritious.app */,
			);
			name = Products;
			sourceTree = "<group>";
		};
		4CEEFF4B2390BE7D0015A0DD /* MainTap */ = {
			isa = PBXGroup;
			children = (
				4CEEFF4C2390BE7D0015A0DD /* MainTapRouter.swift */,
				4CEEFF4D2390BE7D0015A0DD /* MainTapConfigurator.swift */,
				4CEEFF4E2390BE7D0015A0DD /* MainTapPresenter.swift */,
				4CEEFF4F2390BE7D0015A0DD /* MainTapViewController.swift */,
			);
			path = MainTap;
			sourceTree = "<group>";
		};
		4CEEFF502390BE7E0015A0DD /* History */ = {
			isa = PBXGroup;
			children = (
				4CEEFF9C2390BED70015A0DD /* Cell */,
				4CEEFF512390BE7E0015A0DD /* HistoryRouter.swift */,
				4CEEFF522390BE7E0015A0DD /* HistoryConfigurator.swift */,
				4CEEFF532390BE7E0015A0DD /* HistoryPresenter.swift */,
				4CEEFF542390BE7E0015A0DD /* HistoryViewController.swift */,
			);
			path = History;
			sourceTree = "<group>";
		};
		4CEEFF552390BE7E0015A0DD /* Home */ = {
			isa = PBXGroup;
			children = (
				4CEEFF592390BE7E0015A0DD /* Cell */,
				4CEEFF562390BE7E0015A0DD /* HomeConfigurator.swift */,
				4CEEFF572390BE7E0015A0DD /* HomeViewController.swift */,
				4CEEFF582390BE7E0015A0DD /* HomeRouter.swift */,
				4CEEFF5E2390BE7E0015A0DD /* HomePresenter.swift */,
			);
			path = Home;
			sourceTree = "<group>";
		};
		4CEEFF592390BE7E0015A0DD /* Cell */ = {
			isa = PBXGroup;
			children = (
				4CEEFF5A2390BE7E0015A0DD /* SetCollectionViewCell.swift */,
				4CEEFF5B2390BE7E0015A0DD /* SetCollectionViewCell.xib */,
				4CEEFF5C2390BE7E0015A0DD /* FoodTableViewCell.xib */,
				4CEEFF5D2390BE7E0015A0DD /* FoodTableViewCell.swift */,
			);
			path = Cell;
			sourceTree = "<group>";
		};
		4CEEFF5F2390BE7E0015A0DD /* Food */ = {
			isa = PBXGroup;
			children = (
				4CEEFF602390BE7E0015A0DD /* FoodDetailConfigurator.swift */,
				4CEEFF612390BE7E0015A0DD /* FoodDetailPresenter.swift */,
				4CEEFF622390BE7E0015A0DD /* FoodDetailRouter.swift */,
				4CEEFF632390BE7E0015A0DD /* FoodDetailViewController.swift */,
				4CEEFF642390BE7E0015A0DD /* Cell */,
			);
			path = Food;
			sourceTree = "<group>";
		};
		4CEEFF642390BE7E0015A0DD /* Cell */ = {
			isa = PBXGroup;
			children = (
				4CEEFF652390BE7E0015A0DD /* MicronutrientsCollectionViewCell.swift */,
				4CEEFF662390BE7E0015A0DD /* MicronutrientsCollectionViewCell.xib */,
			);
			path = Cell;
			sourceTree = "<group>";
		};
		4CEEFF672390BE7E0015A0DD /* Login */ = {
			isa = PBXGroup;
			children = (
				4CEEFF682390BE7E0015A0DD /* LoginConfigurator.swift */,
				4CEEFF692390BE7E0015A0DD /* LoginViewController.swift */,
				4CEEFF6A2390BE7E0015A0DD /* LoginPresenter.swift */,
				4CEEFF6B2390BE7E0015A0DD /* LoginRouter.swift */,
			);
			path = Login;
			sourceTree = "<group>";
		};
		4CEEFF6C2390BE800015A0DD /* Category */ = {
			isa = PBXGroup;
			children = (
				AB8E57EF2392DE2C00FB85E5 /* Cell */,
				4CEEFF6E2390BE800015A0DD /* CategoryPresenter.swift */,
				4CEEFF702390BE800015A0DD /* CategoryViewController.swift */,
				4CEEFF712390BE800015A0DD /* CategoryConfigurator.swift */,
				4CEEFF722390BE800015A0DD /* CategoryRouter.swift */,
			);
			path = Category;
			sourceTree = "<group>";
		};
		4CEEFF732390BE830015A0DD /* Profile */ = {
			isa = PBXGroup;
			children = (
				4CEEFF742390BE830015A0DD /* ProfilePresenter.swift */,
				4CEEFF752390BE830015A0DD /* ProfileRouter.swift */,
				4CEEFF762390BE830015A0DD /* ProfileConfigurator.swift */,
				4CEEFF772390BE830015A0DD /* ProfileViewController.swift */,
			);
			path = Profile;
			sourceTree = "<group>";
		};
		4CEEFF9C2390BED70015A0DD /* Cell */ = {
			isa = PBXGroup;
			children = (
				4CEEFF9D2390BF0C0015A0DD /* HistoryTableViewCell.swift */,
				4CEEFF9E2390BF0C0015A0DD /* HistoryTableViewCell.xib */,
			);
			name = Cell;
			sourceTree = "<group>";
		};
		4CEEFFA32390CA1A0015A0DD /* Cart */ = {
			isa = PBXGroup;
			children = (
				4CEEFFA42390CAE20015A0DD /* Cell */,
				4CEEFFA92390D6170015A0DD /* CartPresenter.swift */,
				4CEEFFAA2390D6170015A0DD /* CartRouter.swift */,
				4CEEFFAB2390D6170015A0DD /* CartViewController.swift */,
				4CEEFFAC2390D6170015A0DD /* CartConfigurator.swift */,
			);
			name = Cart;
			sourceTree = "<group>";
		};
		4CEEFFA42390CAE20015A0DD /* Cell */ = {
			isa = PBXGroup;
			children = (
				4CEEFFA52390CAF80015A0DD /* CartFoodTableViewCell.swift */,
				4CEEFFA62390CAF80015A0DD /* CartFoodTableViewCell.xib */,
			);
			path = Cell;
			sourceTree = "<group>";
		};
		AB8E57E02392CDFD00FB85E5 /* ListCategory */ = {
			isa = PBXGroup;
			children = (
				AB8E57E22392CE0B00FB85E5 /* ListCategoryPresenter.swift */,
				AB8E57E32392CE0B00FB85E5 /* ListCategoryRouter.swift */,
				AB8E57E42392CE0B00FB85E5 /* ListCategoryViewController.swift */,
				AB8E57E52392CE0B00FB85E5 /* ListCategoryConfigurator.swift */,
			);
			name = ListCategory;
			sourceTree = "<group>";
		};
		AB8E57EF2392DE2C00FB85E5 /* Cell */ = {
			isa = PBXGroup;
			children = (
				4CEEFF6D2390BE800015A0DD /* CategoryCollectionViewCell.swift */,
				4CEEFF6F2390BE800015A0DD /* CategoryCollectionViewCell.xib */,
			);
			name = Cell;
			sourceTree = "<group>";
		};
		E5AA6F641B64E5E8EA9A3BF0 /* Pods */ = {
			isa = PBXGroup;
			children = (
				E6EC6405B228640DBA7A5533 /* Pods-Nutritious.debug.xcconfig */,
				B81D2939B99D9372AB9DC164 /* Pods-Nutritious.release.xcconfig */,
			);
			path = Pods;
			sourceTree = "<group>";
		};
/* End PBXGroup section */

/* Begin PBXNativeTarget section */
		4CED04AE238B890800E140DF /* Nutritious */ = {
			isa = PBXNativeTarget;
			buildConfigurationList = 4CED0571238B891500E140DF /* Build configuration list for PBXNativeTarget "Nutritious" */;
			buildPhases = (
				B7959A4EE40D154FB8C4E5EA /* [CP] Check Pods Manifest.lock */,
				4CED04AB238B890800E140DF /* Sources */,
				4CED04AC238B890800E140DF /* Frameworks */,
				4CED04AD238B890800E140DF /* Resources */,
				3EC413DD523EB20E7ECB5180 /* [CP] Embed Pods Frameworks */,
			);
			buildRules = (
			);
			dependencies = (
			);
			name = Nutritious;
			productName = Nutritious;
			productReference = 4CED04AF238B890800E140DF /* Nutritious.app */;
			productType = "com.apple.product-type.application";
		};
/* End PBXNativeTarget section */

/* Begin PBXProject section */
		4CED04A7238B890800E140DF /* Project object */ = {
			isa = PBXProject;
			attributes = {
				LastSwiftUpdateCheck = 1020;
				LastUpgradeCheck = 1020;
				ORGANIZATIONNAME = MinhNT;
				TargetAttributes = {
					4CED04AE238B890800E140DF = {
						CreatedOnToolsVersion = 10.2.1;
						SystemCapabilities = {
							com.apple.Push = {
								enabled = 1;
							};
						};
					};
				};
			};
			buildConfigurationList = 4CED04AA238B890800E140DF /* Build configuration list for PBXProject "Nutritious" */;
			compatibilityVersion = "Xcode 9.3";
			developmentRegion = en;
			hasScannedForEncodings = 0;
			knownRegions = (
				en,
				Base,
			);
			mainGroup = 4CED04A6238B890800E140DF;
			productRefGroup = 4CED04B0238B890800E140DF /* Products */;
			projectDirPath = "";
			projectRoot = "";
			targets = (
				4CED04AE238B890800E140DF /* Nutritious */,
			);
		};
/* End PBXProject section */

/* Begin PBXResourcesBuildPhase section */
		4CED04AD238B890800E140DF /* Resources */ = {
			isa = PBXResourcesBuildPhase;
			buildActionMask = 2147483647;
			files = (
				4CED056D238B891500E140DF /* LaunchScreen.storyboard in Resources */,
				4CED0568238B891000E140DF /* Main.storyboard in Resources */,
				4C7A219E2399139F007BC471 /* AddressTableViewCell.xib in Resources */,
				4CEEFF8D2390BE830015A0DD /* MicronutrientsCollectionViewCell.xib in Resources */,
				4CEEFFA82390CAF80015A0DD /* CartFoodTableViewCell.xib in Resources */,
				4CED056A238B891500E140DF /* Assets.xcassets in Resources */,
				4C7A218E2398FEA1007BC471 /* success.json in Resources */,
				4CB83CE2238E283F000EB2E7 /* Demo.json in Resources */,
				4C57A03A2397597A0033DCF2 /* GoogleService-Info.plist in Resources */,
				4CEEFFA02390BF0C0015A0DD /* HistoryTableViewCell.xib in Resources */,
				4CEEFF942390BE830015A0DD /* CategoryCollectionViewCell.xib in Resources */,
				4CEEFF852390BE830015A0DD /* FoodTableViewCell.xib in Resources */,
				4CEEFF842390BE830015A0DD /* SetCollectionViewCell.xib in Resources */,
			);
			runOnlyForDeploymentPostprocessing = 0;
		};
/* End PBXResourcesBuildPhase section */

/* Begin PBXShellScriptBuildPhase section */
		3EC413DD523EB20E7ECB5180 /* [CP] Embed Pods Frameworks */ = {
			isa = PBXShellScriptBuildPhase;
			buildActionMask = 2147483647;
			files = (
			);
			inputFileListPaths = (
				"${PODS_ROOT}/Target Support Files/Pods-Nutritious/Pods-Nutritious-frameworks-${CONFIGURATION}-input-files.xcfilelist",
			);
			name = "[CP] Embed Pods Frameworks";
			outputFileListPaths = (
				"${PODS_ROOT}/Target Support Files/Pods-Nutritious/Pods-Nutritious-frameworks-${CONFIGURATION}-output-files.xcfilelist",
			);
			runOnlyForDeploymentPostprocessing = 0;
			shellPath = /bin/sh;
			shellScript = "\"${PODS_ROOT}/Target Support Files/Pods-Nutritious/Pods-Nutritious-frameworks.sh\"\n";
			showEnvVarsInLog = 0;
		};
		B7959A4EE40D154FB8C4E5EA /* [CP] Check Pods Manifest.lock */ = {
			isa = PBXShellScriptBuildPhase;
			buildActionMask = 2147483647;
			files = (
			);
			inputFileListPaths = (
			);
			inputPaths = (
				"${PODS_PODFILE_DIR_PATH}/Podfile.lock",
				"${PODS_ROOT}/Manifest.lock",
			);
			name = "[CP] Check Pods Manifest.lock";
			outputFileListPaths = (
			);
			outputPaths = (
				"$(DERIVED_FILE_DIR)/Pods-Nutritious-checkManifestLockResult.txt",
			);
			runOnlyForDeploymentPostprocessing = 0;
			shellPath = /bin/sh;
			shellScript = "diff \"${PODS_PODFILE_DIR_PATH}/Podfile.lock\" \"${PODS_ROOT}/Manifest.lock\" > /dev/null\nif [ $? != 0 ] ; then\n    # print error to STDERR\n    echo \"error: The sandbox is not in sync with the Podfile.lock. Run 'pod install' or update your CocoaPods installation.\" >&2\n    exit 1\nfi\n# This output is used by Xcode 'outputs' to avoid re-running this script phase.\necho \"SUCCESS\" > \"${SCRIPT_OUTPUT_FILE_0}\"\n";
			showEnvVarsInLog = 0;
		};
/* End PBXShellScriptBuildPhase section */

/* Begin PBXSourcesBuildPhase section */
		4CED04AB238B890800E140DF /* Sources */ = {
			isa = PBXSourcesBuildPhase;
			buildActionMask = 2147483647;
			files = (
				4CEEFF922390BE830015A0DD /* CategoryCollectionViewCell.swift in Sources */,
				4CB83CCA238E283F000EB2E7 /* CategoryGateway.swift in Sources */,
				4C4F9DF72397B41C000C9E0D /* OrderGateway.swift in Sources */,
				4CB83CD0238E283F000EB2E7 /* SetEntity.swift in Sources */,
				4CEEFF7A2390BE830015A0DD /* MainTapPresenter.swift in Sources */,
				4CB83CD2238E283F000EB2E7 /* LoginEntity.swift in Sources */,
				4CEEFFA72390CAF80015A0DD /* CartFoodTableViewCell.swift in Sources */,
				4CB83CEA238E283F000EB2E7 /* TSDateTranform.swift in Sources */,
				4C57A03D23976CEF0033DCF2 /* DiscoveryEntity.swift in Sources */,
				4CEEFF9B2390BE830015A0DD /* ProfileViewController.swift in Sources */,
				4CEEFF912390BE830015A0DD /* LoginRouter.swift in Sources */,
				4CEEFF8B2390BE830015A0DD /* FoodDetailViewController.swift in Sources */,
				AB8E57EE2392DC8A00FB85E5 /* ApiSetGateway.swift in Sources */,
				AB8E57EA2392CE0B00FB85E5 /* ListCategoryConfigurator.swift in Sources */,
				4C509FDD2394C1E50008BD6B /* SetDetailRouter.swift in Sources */,
				4CB83CDE238E283F000EB2E7 /* Label+Extension.swift in Sources */,
				4CEEFF8A2390BE830015A0DD /* FoodDetailRouter.swift in Sources */,
				4CB83CE4238E283F000EB2E7 /* Config.swift in Sources */,
				4CB83CD7238E283F000EB2E7 /* UIDevice+Extension.swift in Sources */,
				AB8E57E82392CE0B00FB85E5 /* ListCategoryRouter.swift in Sources */,
				4C4F9DF92397B494000C9E0D /* ApiOrderGateway.swift in Sources */,
				4CEEFFAE2390D6170015A0DD /* CartRouter.swift in Sources */,
				4CB83CE3238E283F000EB2E7 /* Result.swift in Sources */,
				4CB83CE5238E283F000EB2E7 /* Log.swift in Sources */,
				4CEEFF862390BE830015A0DD /* FoodTableViewCell.swift in Sources */,
				4CB83CED238E283F000EB2E7 /* MainTapSegmentController.swift in Sources */,
				4CEEFF7E2390BE830015A0DD /* HistoryPresenter.swift in Sources */,
				4CB83CD8238E283F000EB2E7 /* Date+Extension.swift in Sources */,
				4CB83CE1238E283F000EB2E7 /* Downloader.swift in Sources */,
				AB8E57E72392CE0B00FB85E5 /* ListCategoryPresenter.swift in Sources */,
				4CB83CDD238E283F000EB2E7 /* String+Extension.swift in Sources */,
				4CEEFF9F2390BF0C0015A0DD /* HistoryTableViewCell.swift in Sources */,
				4CEEFF902390BE830015A0DD /* LoginPresenter.swift in Sources */,
				4C7A219623991388007BC471 /* ComplatePresenter.swift in Sources */,
				AB8E57EC2392DBD900FB85E5 /* SetGateway.swift in Sources */,
				4CEEFF932390BE830015A0DD /* CategoryPresenter.swift in Sources */,
				4C7A219823991388007BC471 /* ComplateRouter.swift in Sources */,
				4CEEFF8E2390BE830015A0DD /* LoginConfigurator.swift in Sources */,
				4CEEFFAD2390D6170015A0DD /* CartPresenter.swift in Sources */,
				4CB83CE0238E283F000EB2E7 /* Array+Extension.swift in Sources */,
				4CED04B3238B890800E140DF /* AppDelegate.swift in Sources */,
				4CEEFF9A2390BE830015A0DD /* ProfileConfigurator.swift in Sources */,
				4CB83CD1238E283F000EB2E7 /* SetDetailEntity.swift in Sources */,
				4C509FDE2394C1E50008BD6B /* SetDetailViewController.swift in Sources */,
				4CEEFF972390BE830015A0DD /* CategoryRouter.swift in Sources */,
				4CB83CDF238E283F000EB2E7 /* UITableView+Extension.swift in Sources */,
				4CB83CD5238E283F000EB2E7 /* Response+ObjectMapper.swift in Sources */,
				4CEEFF8F2390BE830015A0DD /* LoginViewController.swift in Sources */,
				4CEEFF7C2390BE830015A0DD /* HistoryRouter.swift in Sources */,
				4CB83CD4238E283F000EB2E7 /* CategoryDetailEntity.swift in Sources */,
				4CEEFF892390BE830015A0DD /* FoodDetailPresenter.swift in Sources */,
				4CEEFF792390BE830015A0DD /* MainTapConfigurator.swift in Sources */,
				4CEEFF992390BE830015A0DD /* ProfileRouter.swift in Sources */,
				4CB83CDB238E283F000EB2E7 /* TextField+Extension.swift in Sources */,
				4CB83CE6238E283F000EB2E7 /* ConstantDefine.swift in Sources */,
				4CEEFF822390BE830015A0DD /* HomeRouter.swift in Sources */,
				4CEEFF812390BE830015A0DD /* HomeViewController.swift in Sources */,
				4CEEFF7B2390BE830015A0DD /* MainTapViewController.swift in Sources */,
				4CEEFFB02390D6170015A0DD /* CartConfigurator.swift in Sources */,
				4C509FDF2394C1E50008BD6B /* SetDetailConfigurator.swift in Sources */,
				4C7A219D2399139F007BC471 /* AddressTableViewCell.swift in Sources */,
				AB8E57E92392CE0B00FB85E5 /* ListCategoryViewController.swift in Sources */,
				4CB83CE9238E283F000EB2E7 /* ViewRouter.swift in Sources */,
				4CB83CCF238E283F000EB2E7 /* FoodDetailEntity.swift in Sources */,
				4CB83CE7238E283F000EB2E7 /* Define.swift in Sources */,
				4C509FDC2394C1E50008BD6B /* SetDetailPresenter.swift in Sources */,
				4CB83CEB238E283F000EB2E7 /* BaseViewController.swift in Sources */,
				4CEEFF782390BE830015A0DD /* MainTapRouter.swift in Sources */,
				4CEEFFAF2390D6170015A0DD /* CartViewController.swift in Sources */,
				4CB83CEC238E283F000EB2E7 /* EmptySegue.swift in Sources */,
				4C7A21882398EA84007BC471 /* AddressEntity.swift in Sources */,
				AB8E57F12392E07700FB85E5 /* FcmTokenEntity.swift in Sources */,
				4CB83CCC238E283F000EB2E7 /* ApiLoginGateway.swift in Sources */,
				4CB83CF0238E283F000EB2E7 /* TSAPITargetType.swift in Sources */,
				4C7A218A2398EAB4007BC471 /* AddressDetailEntity.swift in Sources */,
				4CEEFF982390BE830015A0DD /* ProfilePresenter.swift in Sources */,
				4CEEFF8C2390BE830015A0DD /* MicronutrientsCollectionViewCell.swift in Sources */,
				4CB83CE8238E283F000EB2E7 /* LoadingHUDControl.swift in Sources */,
				4CEEFF832390BE830015A0DD /* SetCollectionViewCell.swift in Sources */,
				4CB83CEE238E283F000EB2E7 /* RealmConnectorManager.swift in Sources */,
				4CB83CCE238E283F000EB2E7 /* FoodEntity.swift in Sources */,
				4CB83CEF238E283F000EB2E7 /* ApiProvider.swift in Sources */,
				4CB83CD6238E283F000EB2E7 /* Observable+ObjectMapper.swift.swift in Sources */,
				4CEEFF7F2390BE830015A0DD /* HistoryViewController.swift in Sources */,
				4CB83CD9238E283F000EB2E7 /* UIView+Extension.swift in Sources */,
				4CEEFF962390BE830015A0DD /* CategoryConfigurator.swift in Sources */,
				4CEEFF7D2390BE830015A0DD /* HistoryConfigurator.swift in Sources */,
				4CB83CDA238E283F000EB2E7 /* UIImage+Extension.swift in Sources */,
				4CB83CCB238E283F000EB2E7 /* LoginGateway.swift in Sources */,
				4CB83CDC238E283F000EB2E7 /* NumberFormatter+Extension.swift in Sources */,
				4CB83CF1238E283F000EB2E7 /* TSAPI.swift in Sources */,
				4CEEFF802390BE830015A0DD /* HomeConfigurator.swift in Sources */,
				4C7A219923991388007BC471 /* ComplateViewController.swift in Sources */,
				4CEEFF872390BE830015A0DD /* HomePresenter.swift in Sources */,
				4CB83CCD238E283F000EB2E7 /* ApiCategoryGateway.swift in Sources */,
				4CEEFF882390BE830015A0DD /* FoodDetailConfigurator.swift in Sources */,
				4C7A219723991388007BC471 /* ComplateConfigurator.swift in Sources */,
				4CEEFF952390BE830015A0DD /* CategoryViewController.swift in Sources */,
				4CB83CD3238E283F000EB2E7 /* CategoryEntity.swift in Sources */,
			);
			runOnlyForDeploymentPostprocessing = 0;
		};
/* End PBXSourcesBuildPhase section */

/* Begin PBXVariantGroup section */
		4CED0566238B891000E140DF /* Main.storyboard */ = {
			isa = PBXVariantGroup;
			children = (
				4CED0567238B891000E140DF /* Base */,
			);
			name = Main.storyboard;
			sourceTree = "<group>";
		};
		4CED056B238B891500E140DF /* LaunchScreen.storyboard */ = {
			isa = PBXVariantGroup;
			children = (
				4CED056C238B891500E140DF /* Base */,
			);
			name = LaunchScreen.storyboard;
			sourceTree = "<group>";
		};
/* End PBXVariantGroup section */

/* Begin XCBuildConfiguration section */
		4CED056F238B891500E140DF /* Debug */ = {
			isa = XCBuildConfiguration;
			buildSettings = {
				ALWAYS_SEARCH_USER_PATHS = NO;
				CLANG_ANALYZER_NONNULL = YES;
				CLANG_ANALYZER_NUMBER_OBJECT_CONVERSION = YES_AGGRESSIVE;
				CLANG_CXX_LANGUAGE_STANDARD = "gnu++14";
				CLANG_CXX_LIBRARY = "libc++";
				CLANG_ENABLE_MODULES = YES;
				CLANG_ENABLE_OBJC_ARC = YES;
				CLANG_ENABLE_OBJC_WEAK = YES;
				CLANG_WARN_BLOCK_CAPTURE_AUTORELEASING = YES;
				CLANG_WARN_BOOL_CONVERSION = YES;
				CLANG_WARN_COMMA = YES;
				CLANG_WARN_CONSTANT_CONVERSION = YES;
				CLANG_WARN_DEPRECATED_OBJC_IMPLEMENTATIONS = YES;
				CLANG_WARN_DIRECT_OBJC_ISA_USAGE = YES_ERROR;
				CLANG_WARN_DOCUMENTATION_COMMENTS = YES;
				CLANG_WARN_EMPTY_BODY = YES;
				CLANG_WARN_ENUM_CONVERSION = YES;
				CLANG_WARN_INFINITE_RECURSION = YES;
				CLANG_WARN_INT_CONVERSION = YES;
				CLANG_WARN_NON_LITERAL_NULL_CONVERSION = YES;
				CLANG_WARN_OBJC_IMPLICIT_RETAIN_SELF = YES;
				CLANG_WARN_OBJC_LITERAL_CONVERSION = YES;
				CLANG_WARN_OBJC_ROOT_CLASS = YES_ERROR;
				CLANG_WARN_RANGE_LOOP_ANALYSIS = YES;
				CLANG_WARN_STRICT_PROTOTYPES = YES;
				CLANG_WARN_SUSPICIOUS_MOVE = YES;
				CLANG_WARN_UNGUARDED_AVAILABILITY = YES_AGGRESSIVE;
				CLANG_WARN_UNREACHABLE_CODE = YES;
				CLANG_WARN__DUPLICATE_METHOD_MATCH = YES;
				CODE_SIGN_IDENTITY = "iPhone Developer";
				COPY_PHASE_STRIP = NO;
				DEBUG_INFORMATION_FORMAT = dwarf;
				ENABLE_STRICT_OBJC_MSGSEND = YES;
				ENABLE_TESTABILITY = YES;
				GCC_C_LANGUAGE_STANDARD = gnu11;
				GCC_DYNAMIC_NO_PIC = NO;
				GCC_NO_COMMON_BLOCKS = YES;
				GCC_OPTIMIZATION_LEVEL = 0;
				GCC_PREPROCESSOR_DEFINITIONS = (
					"DEBUG=1",
					"$(inherited)",
				);
				GCC_WARN_64_TO_32_BIT_CONVERSION = YES;
				GCC_WARN_ABOUT_RETURN_TYPE = YES_ERROR;
				GCC_WARN_UNDECLARED_SELECTOR = YES;
				GCC_WARN_UNINITIALIZED_AUTOS = YES_AGGRESSIVE;
				GCC_WARN_UNUSED_FUNCTION = YES;
				GCC_WARN_UNUSED_VARIABLE = YES;
				IPHONEOS_DEPLOYMENT_TARGET = 12.2;
				MTL_ENABLE_DEBUG_INFO = INCLUDE_SOURCE;
				MTL_FAST_MATH = YES;
				ONLY_ACTIVE_ARCH = YES;
				SDKROOT = iphoneos;
				SWIFT_ACTIVE_COMPILATION_CONDITIONS = DEBUG;
				SWIFT_OPTIMIZATION_LEVEL = "-Onone";
			};
			name = Debug;
		};
		4CED0570238B891500E140DF /* Release */ = {
			isa = XCBuildConfiguration;
			buildSettings = {
				ALWAYS_SEARCH_USER_PATHS = NO;
				CLANG_ANALYZER_NONNULL = YES;
				CLANG_ANALYZER_NUMBER_OBJECT_CONVERSION = YES_AGGRESSIVE;
				CLANG_CXX_LANGUAGE_STANDARD = "gnu++14";
				CLANG_CXX_LIBRARY = "libc++";
				CLANG_ENABLE_MODULES = YES;
				CLANG_ENABLE_OBJC_ARC = YES;
				CLANG_ENABLE_OBJC_WEAK = YES;
				CLANG_WARN_BLOCK_CAPTURE_AUTORELEASING = YES;
				CLANG_WARN_BOOL_CONVERSION = YES;
				CLANG_WARN_COMMA = YES;
				CLANG_WARN_CONSTANT_CONVERSION = YES;
				CLANG_WARN_DEPRECATED_OBJC_IMPLEMENTATIONS = YES;
				CLANG_WARN_DIRECT_OBJC_ISA_USAGE = YES_ERROR;
				CLANG_WARN_DOCUMENTATION_COMMENTS = YES;
				CLANG_WARN_EMPTY_BODY = YES;
				CLANG_WARN_ENUM_CONVERSION = YES;
				CLANG_WARN_INFINITE_RECURSION = YES;
				CLANG_WARN_INT_CONVERSION = YES;
				CLANG_WARN_NON_LITERAL_NULL_CONVERSION = YES;
				CLANG_WARN_OBJC_IMPLICIT_RETAIN_SELF = YES;
				CLANG_WARN_OBJC_LITERAL_CONVERSION = YES;
				CLANG_WARN_OBJC_ROOT_CLASS = YES_ERROR;
				CLANG_WARN_RANGE_LOOP_ANALYSIS = YES;
				CLANG_WARN_STRICT_PROTOTYPES = YES;
				CLANG_WARN_SUSPICIOUS_MOVE = YES;
				CLANG_WARN_UNGUARDED_AVAILABILITY = YES_AGGRESSIVE;
				CLANG_WARN_UNREACHABLE_CODE = YES;
				CLANG_WARN__DUPLICATE_METHOD_MATCH = YES;
				CODE_SIGN_IDENTITY = "iPhone Developer";
				COPY_PHASE_STRIP = NO;
				DEBUG_INFORMATION_FORMAT = "dwarf-with-dsym";
				ENABLE_NS_ASSERTIONS = NO;
				ENABLE_STRICT_OBJC_MSGSEND = YES;
				GCC_C_LANGUAGE_STANDARD = gnu11;
				GCC_NO_COMMON_BLOCKS = YES;
				GCC_WARN_64_TO_32_BIT_CONVERSION = YES;
				GCC_WARN_ABOUT_RETURN_TYPE = YES_ERROR;
				GCC_WARN_UNDECLARED_SELECTOR = YES;
				GCC_WARN_UNINITIALIZED_AUTOS = YES_AGGRESSIVE;
				GCC_WARN_UNUSED_FUNCTION = YES;
				GCC_WARN_UNUSED_VARIABLE = YES;
				IPHONEOS_DEPLOYMENT_TARGET = 12.2;
				MTL_ENABLE_DEBUG_INFO = NO;
				MTL_FAST_MATH = YES;
				SDKROOT = iphoneos;
				SWIFT_COMPILATION_MODE = wholemodule;
				SWIFT_OPTIMIZATION_LEVEL = "-O";
				VALIDATE_PRODUCT = YES;
			};
			name = Release;
		};
		4CED0572238B891500E140DF /* Debug */ = {
			isa = XCBuildConfiguration;
			baseConfigurationReference = E6EC6405B228640DBA7A5533 /* Pods-Nutritious.debug.xcconfig */;
			buildSettings = {
				ASSETCATALOG_COMPILER_APPICON_NAME = AppIcon;
				CODE_SIGN_ENTITLEMENTS = Nutritious/Nutritious.entitlements;
				CODE_SIGN_IDENTITY = "iPhone Developer";
				CODE_SIGN_STYLE = Manual;
				DEVELOPMENT_TEAM = BYNPL7QU29;
				INFOPLIST_FILE = "$(SRCROOT)/Info.plist";
				LD_RUNPATH_SEARCH_PATHS = (
					"$(inherited)",
					"@executable_path/Frameworks",
				);
				PRODUCT_BUNDLE_IDENTIFIER = com.mie.tech.Nutritious;
				PRODUCT_NAME = "$(TARGET_NAME)";
				PROVISIONING_PROFILE_SPECIFIER = Nutritious_dev_provisioning;
				SWIFT_VERSION = 5.0;
				TARGETED_DEVICE_FAMILY = "1,2";
			};
			name = Debug;
		};
		4CED0573238B891500E140DF /* Release */ = {
			isa = XCBuildConfiguration;
			baseConfigurationReference = B81D2939B99D9372AB9DC164 /* Pods-Nutritious.release.xcconfig */;
			buildSettings = {
				ASSETCATALOG_COMPILER_APPICON_NAME = AppIcon;
				CODE_SIGN_ENTITLEMENTS = Nutritious/Nutritious.entitlements;
				CODE_SIGN_IDENTITY = "iPhone Distribution";
				CODE_SIGN_STYLE = Manual;
				DEVELOPMENT_TEAM = BYNPL7QU29;
				INFOPLIST_FILE = "$(SRCROOT)/Info.plist";
				LD_RUNPATH_SEARCH_PATHS = (
					"$(inherited)",
					"@executable_path/Frameworks",
				);
				PRODUCT_BUNDLE_IDENTIFIER = com.mie.tech.Nutritious;
				PRODUCT_NAME = "$(TARGET_NAME)";
				PROVISIONING_PROFILE_SPECIFIER = Nutritious_pro_provisioning;
				SWIFT_VERSION = 5.0;
				TARGETED_DEVICE_FAMILY = "1,2";
			};
			name = Release;
		};
/* End XCBuildConfiguration section */

/* Begin XCConfigurationList section */
		4CED04AA238B890800E140DF /* Build configuration list for PBXProject "Nutritious" */ = {
			isa = XCConfigurationList;
			buildConfigurations = (
				4CED056F238B891500E140DF /* Debug */,
				4CED0570238B891500E140DF /* Release */,
			);
			defaultConfigurationIsVisible = 0;
			defaultConfigurationName = Release;
		};
		4CED0571238B891500E140DF /* Build configuration list for PBXNativeTarget "Nutritious" */ = {
			isa = XCConfigurationList;
			buildConfigurations = (
				4CED0572238B891500E140DF /* Debug */,
				4CED0573238B891500E140DF /* Release */,
			);
			defaultConfigurationIsVisible = 0;
			defaultConfigurationName = Release;
		};
/* End XCConfigurationList section */
	};
	rootObject = 4CED04A7238B890800E140DF /* Project object */;
}
